// !$*UTF8*$!
{
	archiveVersion = 1;
	classes = {
	};
	objectVersion = 55;
	objects = {

/* Begin PBXBuildFile section */
		0406E1DE27FE84FE00E5A948 /* ZWHeaderViewCell.swift in Sources */ = {isa = PBXBuildFile; fileRef = 0406E1DD27FE84FE00E5A948 /* ZWHeaderViewCell.swift */; };
		0406E1E127FE893D00E5A948 /* ZWStoreManagementVC.swift in Sources */ = {isa = PBXBuildFile; fileRef = 0406E1E027FE893D00E5A948 /* ZWStoreManagementVC.swift */; };
		0406E1E627FE8F7200E5A948 /* ZWHeaderView.swift in Sources */ = {isa = PBXBuildFile; fileRef = 0406E1E527FE8F7200E5A948 /* ZWHeaderView.swift */; };
		0406E1E827FEAFD600E5A948 /* ZWContentCell.swift in Sources */ = {isa = PBXBuildFile; fileRef = 0406E1E727FEAFD600E5A948 /* ZWContentCell.swift */; };
		0406E1EA27FED5A700E5A948 /* ZWTanKuangTableViewCell.swift in Sources */ = {isa = PBXBuildFile; fileRef = 0406E1E927FED5A700E5A948 /* ZWTanKuangTableViewCell.swift */; };
		0406E1EC27FEDB2700E5A948 /* ZWCommoditySettingsVC.swift in Sources */ = {isa = PBXBuildFile; fileRef = 0406E1EB27FEDB2700E5A948 /* ZWCommoditySettingsVC.swift */; };
		0406E1F027FEDDA900E5A948 /* ZWCommoditySettingsCell.swift in Sources */ = {isa = PBXBuildFile; fileRef = 0406E1EF27FEDDA900E5A948 /* ZWCommoditySettingsCell.swift */; };
		0406E1F327FEE80B00E5A948 /* ZWSmallTicketMachineVC.swift in Sources */ = {isa = PBXBuildFile; fileRef = 0406E1F227FEE80B00E5A948 /* ZWSmallTicketMachineVC.swift */; };
		0406E1F927FEEF6500E5A948 /* ZWLeftTableviewView.swift in Sources */ = {isa = PBXBuildFile; fileRef = 0406E1F827FEEF6500E5A948 /* ZWLeftTableviewView.swift */; };
		0406E1FB27FEF17600E5A948 /* ZWLeftTableviewCell.swift in Sources */ = {isa = PBXBuildFile; fileRef = 0406E1FA27FEF17600E5A948 /* ZWLeftTableviewCell.swift */; };
		0406E1FD27FEFB3900E5A948 /* ZWLeftTableClickTanKuangView.swift in Sources */ = {isa = PBXBuildFile; fileRef = 0406E1FC27FEFB3900E5A948 /* ZWLeftTableClickTanKuangView.swift */; };
		042926E227FFD83500A3D1F8 /* ZWTanKuangCell.swift in Sources */ = {isa = PBXBuildFile; fileRef = 042926E027FFD83500A3D1F8 /* ZWTanKuangCell.swift */; };
		042926E327FFD83500A3D1F8 /* ZWTanKuangCell.xib in Resources */ = {isa = PBXBuildFile; fileRef = 042926E127FFD83500A3D1F8 /* ZWTanKuangCell.xib */; };
		042926E7280002A400A3D1F8 /* ZWStaffShiftLeftView.swift in Sources */ = {isa = PBXBuildFile; fileRef = 042926E6280002A400A3D1F8 /* ZWStaffShiftLeftView.swift */; };
		042926E92800051400A3D1F8 /* ZWStaffShiftOneCell.swift in Sources */ = {isa = PBXBuildFile; fileRef = 042926E82800051400A3D1F8 /* ZWStaffShiftOneCell.swift */; };
		042926EB2800163500A3D1F8 /* ZWStaffHeaderView.swift in Sources */ = {isa = PBXBuildFile; fileRef = 042926EA2800163500A3D1F8 /* ZWStaffHeaderView.swift */; };
		042926ED28001C8A00A3D1F8 /* ZWStaffShiftRightView.swift in Sources */ = {isa = PBXBuildFile; fileRef = 042926EC28001C8A00A3D1F8 /* ZWStaffShiftRightView.swift */; };
		042926F12800451200A3D1F8 /* ZWMemberManagemenLeftView.swift in Sources */ = {isa = PBXBuildFile; fileRef = 042926F02800451200A3D1F8 /* ZWMemberManagemenLeftView.swift */; };
		042926F328004B7600A3D1F8 /* ZWMemberManagemenLeftCell.swift in Sources */ = {isa = PBXBuildFile; fileRef = 042926F228004B7600A3D1F8 /* ZWMemberManagemenLeftCell.swift */; };
		0431FCDA27D88BFB00778DE6 /* API.swift in Sources */ = {isa = PBXBuildFile; fileRef = 0431FCD727D88BFB00778DE6 /* API.swift */; };
		0431FCDB27D88BFB00778DE6 /* ZHFNetWork.swift in Sources */ = {isa = PBXBuildFile; fileRef = 0431FCD827D88BFB00778DE6 /* ZHFNetWork.swift */; };
		0431FCDC27D88BFB00778DE6 /* NSString-Extension.swift in Sources */ = {isa = PBXBuildFile; fileRef = 0431FCD927D88BFB00778DE6 /* NSString-Extension.swift */; };
		043A59032803CFE900E1D607 /* ZWMemberManagemenRightView.swift in Sources */ = {isa = PBXBuildFile; fileRef = 043A59022803CFE900E1D607 /* ZWMemberManagemenRightView.swift */; };
		043A590528040A1E00E1D607 /* ZWnewCreatBtnTanKuang.swift in Sources */ = {isa = PBXBuildFile; fileRef = 043A590428040A1E00E1D607 /* ZWnewCreatBtnTanKuang.swift */; };
		043A5909280423A700E1D607 /* ZWOrderQueryRightView.swift in Sources */ = {isa = PBXBuildFile; fileRef = 043A5908280423A700E1D607 /* ZWOrderQueryRightView.swift */; };
		043C5FD227D8784600F881CB /* LoginViewController.swift in Sources */ = {isa = PBXBuildFile; fileRef = 043C5FD127D8784600F881CB /* LoginViewController.swift */; };
		043C5FD627D878AC00F881CB /* LoginView.swift in Sources */ = {isa = PBXBuildFile; fileRef = 043C5FD527D878AC00F881CB /* LoginView.swift */; };
		043C5FD827D878D900F881CB /* LoginModel.swift in Sources */ = {isa = PBXBuildFile; fileRef = 043C5FD727D878D900F881CB /* LoginModel.swift */; };
		043E9A992806DB42000B3BBF /* baseTableViewCell.swift in Sources */ = {isa = PBXBuildFile; fileRef = 043E9A972806DB42000B3BBF /* baseTableViewCell.swift */; };
		043E9A9A2806DB42000B3BBF /* basePopView.swift in Sources */ = {isa = PBXBuildFile; fileRef = 043E9A982806DB42000B3BBF /* basePopView.swift */; };
		043E9AA52806DBBD000B3BBF /* ZWDataReconciliationVCJoe.swift in Sources */ = {isa = PBXBuildFile; fileRef = 043E9A9C2806DBBD000B3BBF /* ZWDataReconciliationVCJoe.swift */; };
		043E9AA62806DBBD000B3BBF /* DRLeftView.swift in Sources */ = {isa = PBXBuildFile; fileRef = 043E9A9E2806DBBD000B3BBF /* DRLeftView.swift */; };
		043E9AA72806DBBD000B3BBF /* DRHeaderView.swift in Sources */ = {isa = PBXBuildFile; fileRef = 043E9A9F2806DBBD000B3BBF /* DRHeaderView.swift */; };
		043E9AA82806DBBD000B3BBF /* DRRightTCell.swift in Sources */ = {isa = PBXBuildFile; fileRef = 043E9AA02806DBBD000B3BBF /* DRRightTCell.swift */; };
		043E9AA92806DBBD000B3BBF /* testPopView.swift in Sources */ = {isa = PBXBuildFile; fileRef = 043E9AA12806DBBD000B3BBF /* testPopView.swift */; };
		043E9AAA2806DBBD000B3BBF /* DRLeftTCell.swift in Sources */ = {isa = PBXBuildFile; fileRef = 043E9AA22806DBBD000B3BBF /* DRLeftTCell.swift */; };
		043E9AAB2806DBBD000B3BBF /* DRightView.swift in Sources */ = {isa = PBXBuildFile; fileRef = 043E9AA32806DBBD000B3BBF /* DRightView.swift */; };
		043E9AAC2806DBBD000B3BBF /* DRRightheaderTCell.swift in Sources */ = {isa = PBXBuildFile; fileRef = 043E9AA42806DBBD000B3BBF /* DRRightheaderTCell.swift */; };
		043E9AAF2807F48B000B3BBF /* ZWSuccessionTCellKB.swift in Sources */ = {isa = PBXBuildFile; fileRef = 043E9AAE2807F48B000B3BBF /* ZWSuccessionTCellKB.swift */; };
		0444682627DAED0E000444FD /* header.swift in Sources */ = {isa = PBXBuildFile; fileRef = 0444682527DAED0E000444FD /* header.swift */; };
		0444682827DB1C7F000444FD /* Toast.swift in Sources */ = {isa = PBXBuildFile; fileRef = 0444682727DB1C7F000444FD /* Toast.swift */; };
		0444682A27DED565000444FD /* UserInfo.swift in Sources */ = {isa = PBXBuildFile; fileRef = 0444682927DED565000444FD /* UserInfo.swift */; };
		0444683A27DEEA7F000444FD /* SelectStoreViewController.swift in Sources */ = {isa = PBXBuildFile; fileRef = 0444683927DEEA7F000444FD /* SelectStoreViewController.swift */; };
		0444683C27DEEACE000444FD /* SelectStoreView.swift in Sources */ = {isa = PBXBuildFile; fileRef = 0444683B27DEEACE000444FD /* SelectStoreView.swift */; };
		0444683E27DF0C38000444FD /* SelectStoreCollectionViewCell.swift in Sources */ = {isa = PBXBuildFile; fileRef = 0444683D27DF0C38000444FD /* SelectStoreCollectionViewCell.swift */; };
		0444685927E0257A000444FD /* CashierSettingViewController.swift in Sources */ = {isa = PBXBuildFile; fileRef = 0444685827E0257A000444FD /* CashierSettingViewController.swift */; };
		0444685B27E02624000444FD /* CashierSettingModel.swift in Sources */ = {isa = PBXBuildFile; fileRef = 0444685A27E02624000444FD /* CashierSettingModel.swift */; };
		0444685D27E0263C000444FD /* CashierSettingView.swift in Sources */ = {isa = PBXBuildFile; fileRef = 0444685C27E0263C000444FD /* CashierSettingView.swift */; };
		0444686027E02B2E000444FD /* MainRootController.swift in Sources */ = {isa = PBXBuildFile; fileRef = 0444685F27E02B2E000444FD /* MainRootController.swift */; };
		0444686227E02E4F000444FD /* iconButtonView.swift in Sources */ = {isa = PBXBuildFile; fileRef = 0444686127E02E4F000444FD /* iconButtonView.swift */; };
		0449922827F7EC3500DB5410 /* ZWCheckSementModelJoe.swift in Sources */ = {isa = PBXBuildFile; fileRef = 0449922727F7EC3500DB5410 /* ZWCheckSementModelJoe.swift */; };
		0449922A27F7FC3200DB5410 /* ZWCheckOutTopView.swift in Sources */ = {isa = PBXBuildFile; fileRef = 0449922927F7FC3200DB5410 /* ZWCheckOutTopView.swift */; };
		0449922C27F81EBA00DB5410 /* UIbutton+Extension.swift in Sources */ = {isa = PBXBuildFile; fileRef = 0449922B27F81EBA00DB5410 /* UIbutton+Extension.swift */; };
		0449922E27F82EB500DB5410 /* ZWChooseGoodsClassTanKuangView.swift in Sources */ = {isa = PBXBuildFile; fileRef = 0449922D27F82EB500DB5410 /* ZWChooseGoodsClassTanKuangView.swift */; };
		0449923027F842B600DB5410 /* ZWRootViewControllerJoe.swift in Sources */ = {isa = PBXBuildFile; fileRef = 0449922F27F842B600DB5410 /* ZWRootViewControllerJoe.swift */; };
		0449923227F84E7400DB5410 /* ZWCashierSettingItemCell.swift in Sources */ = {isa = PBXBuildFile; fileRef = 0449923127F84E7400DB5410 /* ZWCashierSettingItemCell.swift */; };
		046B4E0527F54AAC00710D02 /* ZWMemberManagemenVCJoe.swift in Sources */ = {isa = PBXBuildFile; fileRef = 046B4E0427F54AAC00710D02 /* ZWMemberManagemenVCJoe.swift */; };
		046B4E0827F54ACC00710D02 /* ZWStaffShiftVCJoe.swift in Sources */ = {isa = PBXBuildFile; fileRef = 046B4E0727F54ACC00710D02 /* ZWStaffShiftVCJoe.swift */; };
		046B4E0B27F54B8B00710D02 /* ZWCommodityStocksVCJoe.swift in Sources */ = {isa = PBXBuildFile; fileRef = 046B4E0A27F54B8B00710D02 /* ZWCommodityStocksVCJoe.swift */; };
		046B4E1127F54BFE00710D02 /* ZWSwitchStoreVCJoe.swift in Sources */ = {isa = PBXBuildFile; fileRef = 046B4E1027F54BFE00710D02 /* ZWSwitchStoreVCJoe.swift */; };
		046B4E1427F54C4000710D02 /* ZWEnterBackgroundVCJoe.swift in Sources */ = {isa = PBXBuildFile; fileRef = 046B4E1327F54C4000710D02 /* ZWEnterBackgroundVCJoe.swift */; };
		046B4E1627F560B600710D02 /* ZWOrderCellJoe.swift in Sources */ = {isa = PBXBuildFile; fileRef = 046B4E1527F560B600710D02 /* ZWOrderCellJoe.swift */; };
		046B5E7427F3FA4A000BB30D /* SelectStoreModelZJ.swift in Sources */ = {isa = PBXBuildFile; fileRef = 046B5E7327F3FA4A000BB30D /* SelectStoreModelZJ.swift */; };
		0480B93B280506D600C5670B /* loading.json in Resources */ = {isa = PBXBuildFile; fileRef = 0480B93A280506D600C5670B /* loading.json */; };
		0480B93E280508B700C5670B /* ZWLoadingTanKuangView.swift in Sources */ = {isa = PBXBuildFile; fileRef = 0480B93D280508B700C5670B /* ZWLoadingTanKuangView.swift */; };
		0480B940280511FF00C5670B /* ZWLoadingHUD.swift in Sources */ = {isa = PBXBuildFile; fileRef = 0480B93F280511FF00C5670B /* ZWLoadingHUD.swift */; };
		0480B942280525AD00C5670B /* ZWOrderQueryRightCellJoe.swift in Sources */ = {isa = PBXBuildFile; fileRef = 0480B941280525AD00C5670B /* ZWOrderQueryRightCellJoe.swift */; };
		0480B94428054FDE00C5670B /* ZWnewLabelAndTextField.swift in Sources */ = {isa = PBXBuildFile; fileRef = 0480B94328054FDE00C5670B /* ZWnewLabelAndTextField.swift */; };
		0480B946280559E700C5670B /* ZWOrderWeighView.swift in Sources */ = {isa = PBXBuildFile; fileRef = 0480B945280559E700C5670B /* ZWOrderWeighView.swift */; };
		0486847C27D833D100D6A878 /* AppDelegate.swift in Sources */ = {isa = PBXBuildFile; fileRef = 0486847B27D833D100D6A878 /* AppDelegate.swift */; };
		0486847E27D833D100D6A878 /* DocumentBrowserViewController.swift in Sources */ = {isa = PBXBuildFile; fileRef = 0486847D27D833D100D6A878 /* DocumentBrowserViewController.swift */; };
		0486848027D833D100D6A878 /* DocumentViewController.swift in Sources */ = {isa = PBXBuildFile; fileRef = 0486847F27D833D100D6A878 /* DocumentViewController.swift */; };
		0486848227D833D100D6A878 /* Document.swift in Sources */ = {isa = PBXBuildFile; fileRef = 0486848127D833D100D6A878 /* Document.swift */; };
		0486848727D833D200D6A878 /* Assets.xcassets in Resources */ = {isa = PBXBuildFile; fileRef = 0486848627D833D200D6A878 /* Assets.xcassets */; };
		048BD21A27FD327A00FFC9FF /* APIModelJoe.swift in Sources */ = {isa = PBXBuildFile; fileRef = 048BD21927FD327A00FFC9FF /* APIModelJoe.swift */; };
		048BD21C27FD441D00FFC9FF /* ZWQuDanTanKuangView.swift in Sources */ = {isa = PBXBuildFile; fileRef = 048BD21B27FD441D00FFC9FF /* ZWQuDanTanKuangView.swift */; };
		04A9DB0A27F30C2E0036C603 /* ProgressHUD.swift in Sources */ = {isa = PBXBuildFile; fileRef = 04A9DB0927F30C2E0036C603 /* ProgressHUD.swift */; };
		04ACE14528059B71001356D4 /* ZWOrderQuerySearchView.swift in Sources */ = {isa = PBXBuildFile; fileRef = 04ACE14428059B71001356D4 /* ZWOrderQuerySearchView.swift */; };
		04ACE14728066E5C001356D4 /* ZWOrderQueryLeftView.swift in Sources */ = {isa = PBXBuildFile; fileRef = 04ACE14628066E5C001356D4 /* ZWOrderQueryLeftView.swift */; };
		04ACE1492806BAC7001356D4 /* ZWOrderShouKuanTanKuang.swift in Sources */ = {isa = PBXBuildFile; fileRef = 04ACE1482806BAC7001356D4 /* ZWOrderShouKuanTanKuang.swift */; };
		04ACE14E2807CC59001356D4 /* ZWSaoMaShouKuanCollectionCellJoe.swift in Sources */ = {isa = PBXBuildFile; fileRef = 04ACE14D2807CC59001356D4 /* ZWSaoMaShouKuanCollectionCellJoe.swift */; };
		04ACE1502807F067001356D4 /* ZWCashCollectionViewJoe.swift in Sources */ = {isa = PBXBuildFile; fileRef = 04ACE14F2807F067001356D4 /* ZWCashCollectionViewJoe.swift */; };
		04ACE1522807F0B1001356D4 /* ZWVipCollectionViewJoe.swift in Sources */ = {isa = PBXBuildFile; fileRef = 04ACE1512807F0B1001356D4 /* ZWVipCollectionViewJoe.swift */; };
		04ACE1542807F10F001356D4 /* ZWSignCollectionViewJoe.swift in Sources */ = {isa = PBXBuildFile; fileRef = 04ACE1532807F10F001356D4 /* ZWSignCollectionViewJoe.swift */; };
		04CA379A27F5B0C400E620E5 /* ZWCheckOutStoreViewJoe.swift in Sources */ = {isa = PBXBuildFile; fileRef = 04CA379927F5B0C400E620E5 /* ZWCheckOutStoreViewJoe.swift */; };
		04CA379C27F5BEE600E620E5 /* ZWCheckOutStoreCellJoe.swift in Sources */ = {isa = PBXBuildFile; fileRef = 04CA379B27F5BEE600E620E5 /* ZWCheckOutStoreCellJoe.swift */; };
		04CA37A027F5C18400E620E5 /* UIView+Corners.swift in Sources */ = {isa = PBXBuildFile; fileRef = 04CA379F27F5C18400E620E5 /* UIView+Corners.swift */; };
		04CA37A227F5D0F400E620E5 /* UIView+MDExtension.swift in Sources */ = {isa = PBXBuildFile; fileRef = 04CA37A127F5D0F400E620E5 /* UIView+MDExtension.swift */; };
		04CA37A427F69C8F00E620E5 /* ZWCheckSementViewJoe.swift in Sources */ = {isa = PBXBuildFile; fileRef = 04CA37A327F69C8F00E620E5 /* ZWCheckSementViewJoe.swift */; };
		04CA37A627F6C76D00E620E5 /* ZWCheckSementCellJoe.swift in Sources */ = {isa = PBXBuildFile; fileRef = 04CA37A527F6C76D00E620E5 /* ZWCheckSementCellJoe.swift */; };
		04CA37A827F6D8EE00E620E5 /* ZWCheckStoreBottomView.swift in Sources */ = {isa = PBXBuildFile; fileRef = 04CA37A727F6D8EE00E620E5 /* ZWCheckStoreBottomView.swift */; };
		04CA37AC27F6E9B600E620E5 /* Cache+User.swift in Sources */ = {isa = PBXBuildFile; fileRef = 04CA37AA27F6E9B600E620E5 /* Cache+User.swift */; };
		04CA37AD27F6E9B600E620E5 /* Cache.swift in Sources */ = {isa = PBXBuildFile; fileRef = 04CA37AB27F6E9B600E620E5 /* Cache.swift */; };
		04E3643627F402040007B91A /* RootModel.swift in Sources */ = {isa = PBXBuildFile; fileRef = 04E3643527F402040007B91A /* RootModel.swift */; };
		04E3643B27F438680007B91A /* ZWLeftItemViewJoe.swift in Sources */ = {isa = PBXBuildFile; fileRef = 04E3643A27F438680007B91A /* ZWLeftItemViewJoe.swift */; };
		04E3643F27F43B6D0007B91A /* UIColor+Hue.swift in Sources */ = {isa = PBXBuildFile; fileRef = 04E3643D27F43B6D0007B91A /* UIColor+Hue.swift */; };
		04E3644027F43B6D0007B91A /* UIImage+Hue.swift in Sources */ = {isa = PBXBuildFile; fileRef = 04E3643E27F43B6D0007B91A /* UIImage+Hue.swift */; };
		04E3644227F43CCC0007B91A /* ZWLeftItemCellJoe.swift in Sources */ = {isa = PBXBuildFile; fileRef = 04E3644127F43CCC0007B91A /* ZWLeftItemCellJoe.swift */; };
		04E3644427F45A4D0007B91A /* ZWOrderViewJoe.swift in Sources */ = {isa = PBXBuildFile; fileRef = 04E3644327F45A4D0007B91A /* ZWOrderViewJoe.swift */; };
		04E3644627F45D8A0007B91A /* ZWCashierViewControllerJoe.swift in Sources */ = {isa = PBXBuildFile; fileRef = 04E3644527F45D8A0007B91A /* ZWCashierViewControllerJoe.swift */; };
		04E3644827F45DF20007B91A /* ZWOrderQueryViewControllerJoe.swift in Sources */ = {isa = PBXBuildFile; fileRef = 04E3644727F45DF20007B91A /* ZWOrderQueryViewControllerJoe.swift */; };
		04E3646727F467860007B91A /* LTLivePlayLoopsListView.swift in Sources */ = {isa = PBXBuildFile; fileRef = 04E3644F27F467860007B91A /* LTLivePlayLoopsListView.swift */; };
		04E3646827F467860007B91A /* LTPageView.swift in Sources */ = {isa = PBXBuildFile; fileRef = 04E3645227F467860007B91A /* LTPageView.swift */; };
		04E3646927F467860007B91A /* LTPageScrollView.swift in Sources */ = {isa = PBXBuildFile; fileRef = 04E3645327F467860007B91A /* LTPageScrollView.swift */; };
		04E3646A27F467860007B91A /* LTLayout.swift in Sources */ = {isa = PBXBuildFile; fileRef = 04E3645527F467860007B91A /* LTLayout.swift */; };
		04E3646B27F467860007B91A /* LTAdvancedManager.swift in Sources */ = {isa = PBXBuildFile; fileRef = 04E3645727F467860007B91A /* LTAdvancedManager.swift */; };
		04E3646C27F467860007B91A /* LTCollectionFlowLayout.swift in Sources */ = {isa = PBXBuildFile; fileRef = 04E3645927F467860007B91A /* LTCollectionFlowLayout.swift */; };
		04E3646D27F467860007B91A /* LTDispatchQueue.swift in Sources */ = {isa = PBXBuildFile; fileRef = 04E3645A27F467860007B91A /* LTDispatchQueue.swift */; };
		04E3646E27F467860007B91A /* LTTableViewProtocal.swift in Sources */ = {isa = PBXBuildFile; fileRef = 04E3645B27F467860007B91A /* LTTableViewProtocal.swift */; };
		04E3646F27F467860007B91A /* LTVCExtension.swift in Sources */ = {isa = PBXBuildFile; fileRef = 04E3645C27F467860007B91A /* LTVCExtension.swift */; };
		04E3647027F467860007B91A /* UIView+LTExtension.swift in Sources */ = {isa = PBXBuildFile; fileRef = 04E3645D27F467860007B91A /* UIView+LTExtension.swift */; };
		04E3647127F467860007B91A /* LTScrollExtension.swift in Sources */ = {isa = PBXBuildFile; fileRef = 04E3645E27F467860007B91A /* LTScrollExtension.swift */; };
		04E3647227F467860007B91A /* LTTableView.swift in Sources */ = {isa = PBXBuildFile; fileRef = 04E3645F27F467860007B91A /* LTTableView.swift */; };
		04E3647327F467860007B91A /* LTPageTitleItemType.swift in Sources */ = {isa = PBXBuildFile; fileRef = 04E3646127F467860007B91A /* LTPageTitleItemType.swift */; };
		04E3647427F467860007B91A /* LTPageTitleView.swift in Sources */ = {isa = PBXBuildFile; fileRef = 04E3646227F467860007B91A /* LTPageTitleView.swift */; };
		04E3647527F467860007B91A /* LTSimpleManager.swift in Sources */ = {isa = PBXBuildFile; fileRef = 04E3646427F467860007B91A /* LTSimpleManager.swift */; };
		04E3647627F467860007B91A /* LTFollowMoveView.swift in Sources */ = {isa = PBXBuildFile; fileRef = 04E3646627F467860007B91A /* LTFollowMoveView.swift */; };
		5A6A5FB0344A2B110E8C12FD /* libPods-Cashier.a in Frameworks */ = {isa = PBXBuildFile; fileRef = 709C4F189E2E7995D54A4400 /* libPods-Cashier.a */; };
/* End PBXBuildFile section */

/* Begin PBXContainerItemProxy section */
		0486849127D833D200D6A878 /* PBXContainerItemProxy */ = {
			isa = PBXContainerItemProxy;
			containerPortal = 0486847027D833D100D6A878 /* Project object */;
			proxyType = 1;
			remoteGlobalIDString = 0486847727D833D100D6A878;
			remoteInfo = Cashier;
		};
		0486849B27D833D200D6A878 /* PBXContainerItemProxy */ = {
			isa = PBXContainerItemProxy;
			containerPortal = 0486847027D833D100D6A878 /* Project object */;
			proxyType = 1;
			remoteGlobalIDString = 0486847727D833D100D6A878;
			remoteInfo = Cashier;
		};
/* End PBXContainerItemProxy section */

/* Begin PBXFileReference section */
		0406E1DD27FE84FE00E5A948 /* ZWHeaderViewCell.swift */ = {isa = PBXFileReference; lastKnownFileType = sourcecode.swift; path = ZWHeaderViewCell.swift; sourceTree = "<group>"; };
		0406E1E027FE893D00E5A948 /* ZWStoreManagementVC.swift */ = {isa = PBXFileReference; lastKnownFileType = sourcecode.swift; path = ZWStoreManagementVC.swift; sourceTree = "<group>"; };
		0406E1E527FE8F7200E5A948 /* ZWHeaderView.swift */ = {isa = PBXFileReference; lastKnownFileType = sourcecode.swift; path = ZWHeaderView.swift; sourceTree = "<group>"; };
		0406E1E727FEAFD600E5A948 /* ZWContentCell.swift */ = {isa = PBXFileReference; lastKnownFileType = sourcecode.swift; path = ZWContentCell.swift; sourceTree = "<group>"; };
		0406E1E927FED5A700E5A948 /* ZWTanKuangTableViewCell.swift */ = {isa = PBXFileReference; lastKnownFileType = sourcecode.swift; path = ZWTanKuangTableViewCell.swift; sourceTree = "<group>"; };
		0406E1EB27FEDB2700E5A948 /* ZWCommoditySettingsVC.swift */ = {isa = PBXFileReference; lastKnownFileType = sourcecode.swift; path = ZWCommoditySettingsVC.swift; sourceTree = "<group>"; };
		0406E1EF27FEDDA900E5A948 /* ZWCommoditySettingsCell.swift */ = {isa = PBXFileReference; lastKnownFileType = sourcecode.swift; path = ZWCommoditySettingsCell.swift; sourceTree = "<group>"; };
		0406E1F227FEE80B00E5A948 /* ZWSmallTicketMachineVC.swift */ = {isa = PBXFileReference; lastKnownFileType = sourcecode.swift; path = ZWSmallTicketMachineVC.swift; sourceTree = "<group>"; };
		0406E1F827FEEF6500E5A948 /* ZWLeftTableviewView.swift */ = {isa = PBXFileReference; lastKnownFileType = sourcecode.swift; path = ZWLeftTableviewView.swift; sourceTree = "<group>"; };
		0406E1FA27FEF17600E5A948 /* ZWLeftTableviewCell.swift */ = {isa = PBXFileReference; lastKnownFileType = sourcecode.swift; path = ZWLeftTableviewCell.swift; sourceTree = "<group>"; };
		0406E1FC27FEFB3900E5A948 /* ZWLeftTableClickTanKuangView.swift */ = {isa = PBXFileReference; fileEncoding = 4; lastKnownFileType = sourcecode.swift; path = ZWLeftTableClickTanKuangView.swift; sourceTree = "<group>"; };
		042926E027FFD83500A3D1F8 /* ZWTanKuangCell.swift */ = {isa = PBXFileReference; lastKnownFileType = sourcecode.swift; path = ZWTanKuangCell.swift; sourceTree = "<group>"; };
		042926E127FFD83500A3D1F8 /* ZWTanKuangCell.xib */ = {isa = PBXFileReference; lastKnownFileType = file.xib; path = ZWTanKuangCell.xib; sourceTree = "<group>"; };
		042926E6280002A400A3D1F8 /* ZWStaffShiftLeftView.swift */ = {isa = PBXFileReference; lastKnownFileType = sourcecode.swift; path = ZWStaffShiftLeftView.swift; sourceTree = "<group>"; };
		042926E82800051400A3D1F8 /* ZWStaffShiftOneCell.swift */ = {isa = PBXFileReference; lastKnownFileType = sourcecode.swift; path = ZWStaffShiftOneCell.swift; sourceTree = "<group>"; };
		042926EA2800163500A3D1F8 /* ZWStaffHeaderView.swift */ = {isa = PBXFileReference; lastKnownFileType = sourcecode.swift; path = ZWStaffHeaderView.swift; sourceTree = "<group>"; };
		042926EC28001C8A00A3D1F8 /* ZWStaffShiftRightView.swift */ = {isa = PBXFileReference; lastKnownFileType = sourcecode.swift; path = ZWStaffShiftRightView.swift; sourceTree = "<group>"; };
		042926F02800451200A3D1F8 /* ZWMemberManagemenLeftView.swift */ = {isa = PBXFileReference; lastKnownFileType = sourcecode.swift; path = ZWMemberManagemenLeftView.swift; sourceTree = "<group>"; };
		042926F228004B7600A3D1F8 /* ZWMemberManagemenLeftCell.swift */ = {isa = PBXFileReference; lastKnownFileType = sourcecode.swift; path = ZWMemberManagemenLeftCell.swift; sourceTree = "<group>"; };
		0431FCD727D88BFB00778DE6 /* API.swift */ = {isa = PBXFileReference; fileEncoding = 4; lastKnownFileType = sourcecode.swift; path = API.swift; sourceTree = "<group>"; };
		0431FCD827D88BFB00778DE6 /* ZHFNetWork.swift */ = {isa = PBXFileReference; fileEncoding = 4; lastKnownFileType = sourcecode.swift; path = ZHFNetWork.swift; sourceTree = "<group>"; };
		0431FCD927D88BFB00778DE6 /* NSString-Extension.swift */ = {isa = PBXFileReference; fileEncoding = 4; lastKnownFileType = sourcecode.swift; path = "NSString-Extension.swift"; sourceTree = "<group>"; };
		043A59022803CFE900E1D607 /* ZWMemberManagemenRightView.swift */ = {isa = PBXFileReference; lastKnownFileType = sourcecode.swift; path = ZWMemberManagemenRightView.swift; sourceTree = "<group>"; };
		043A590428040A1E00E1D607 /* ZWnewCreatBtnTanKuang.swift */ = {isa = PBXFileReference; lastKnownFileType = sourcecode.swift; path = ZWnewCreatBtnTanKuang.swift; sourceTree = "<group>"; };
		043A5908280423A700E1D607 /* ZWOrderQueryRightView.swift */ = {isa = PBXFileReference; lastKnownFileType = sourcecode.swift; path = ZWOrderQueryRightView.swift; sourceTree = "<group>"; };
		043C5FD127D8784600F881CB /* LoginViewController.swift */ = {isa = PBXFileReference; lastKnownFileType = sourcecode.swift; path = LoginViewController.swift; sourceTree = "<group>"; };
		043C5FD527D878AC00F881CB /* LoginView.swift */ = {isa = PBXFileReference; lastKnownFileType = sourcecode.swift; path = LoginView.swift; sourceTree = "<group>"; };
		043C5FD727D878D900F881CB /* LoginModel.swift */ = {isa = PBXFileReference; lastKnownFileType = sourcecode.swift; path = LoginModel.swift; sourceTree = "<group>"; };
		043E9A972806DB42000B3BBF /* baseTableViewCell.swift */ = {isa = PBXFileReference; fileEncoding = 4; lastKnownFileType = sourcecode.swift; path = baseTableViewCell.swift; sourceTree = "<group>"; };
		043E9A982806DB42000B3BBF /* basePopView.swift */ = {isa = PBXFileReference; fileEncoding = 4; lastKnownFileType = sourcecode.swift; path = basePopView.swift; sourceTree = "<group>"; };
		043E9A9C2806DBBD000B3BBF /* ZWDataReconciliationVCJoe.swift */ = {isa = PBXFileReference; fileEncoding = 4; lastKnownFileType = sourcecode.swift; path = ZWDataReconciliationVCJoe.swift; sourceTree = "<group>"; };
		043E9A9E2806DBBD000B3BBF /* DRLeftView.swift */ = {isa = PBXFileReference; fileEncoding = 4; lastKnownFileType = sourcecode.swift; path = DRLeftView.swift; sourceTree = "<group>"; };
		043E9A9F2806DBBD000B3BBF /* DRHeaderView.swift */ = {isa = PBXFileReference; fileEncoding = 4; lastKnownFileType = sourcecode.swift; path = DRHeaderView.swift; sourceTree = "<group>"; };
		043E9AA02806DBBD000B3BBF /* DRRightTCell.swift */ = {isa = PBXFileReference; fileEncoding = 4; lastKnownFileType = sourcecode.swift; path = DRRightTCell.swift; sourceTree = "<group>"; };
		043E9AA12806DBBD000B3BBF /* testPopView.swift */ = {isa = PBXFileReference; fileEncoding = 4; lastKnownFileType = sourcecode.swift; path = testPopView.swift; sourceTree = "<group>"; };
		043E9AA22806DBBD000B3BBF /* DRLeftTCell.swift */ = {isa = PBXFileReference; fileEncoding = 4; lastKnownFileType = sourcecode.swift; path = DRLeftTCell.swift; sourceTree = "<group>"; };
		043E9AA32806DBBD000B3BBF /* DRightView.swift */ = {isa = PBXFileReference; fileEncoding = 4; lastKnownFileType = sourcecode.swift; path = DRightView.swift; sourceTree = "<group>"; };
		043E9AA42806DBBD000B3BBF /* DRRightheaderTCell.swift */ = {isa = PBXFileReference; fileEncoding = 4; lastKnownFileType = sourcecode.swift; path = DRRightheaderTCell.swift; sourceTree = "<group>"; };
		043E9AAE2807F48B000B3BBF /* ZWSuccessionTCellKB.swift */ = {isa = PBXFileReference; lastKnownFileType = sourcecode.swift; path = ZWSuccessionTCellKB.swift; sourceTree = "<group>"; };
		0444682527DAED0E000444FD /* header.swift */ = {isa = PBXFileReference; lastKnownFileType = sourcecode.swift; path = header.swift; sourceTree = "<group>"; };
		0444682727DB1C7F000444FD /* Toast.swift */ = {isa = PBXFileReference; fileEncoding = 4; lastKnownFileType = sourcecode.swift; path = Toast.swift; sourceTree = "<group>"; };
		0444682927DED565000444FD /* UserInfo.swift */ = {isa = PBXFileReference; lastKnownFileType = sourcecode.swift; path = UserInfo.swift; sourceTree = "<group>"; };
		0444683927DEEA7F000444FD /* SelectStoreViewController.swift */ = {isa = PBXFileReference; lastKnownFileType = sourcecode.swift; path = SelectStoreViewController.swift; sourceTree = "<group>"; };
		0444683B27DEEACE000444FD /* SelectStoreView.swift */ = {isa = PBXFileReference; lastKnownFileType = sourcecode.swift; path = SelectStoreView.swift; sourceTree = "<group>"; };
		0444683D27DF0C38000444FD /* SelectStoreCollectionViewCell.swift */ = {isa = PBXFileReference; lastKnownFileType = sourcecode.swift; path = SelectStoreCollectionViewCell.swift; sourceTree = "<group>"; };
		0444685827E0257A000444FD /* CashierSettingViewController.swift */ = {isa = PBXFileReference; lastKnownFileType = sourcecode.swift; path = CashierSettingViewController.swift; sourceTree = "<group>"; };
		0444685A27E02624000444FD /* CashierSettingModel.swift */ = {isa = PBXFileReference; lastKnownFileType = sourcecode.swift; path = CashierSettingModel.swift; sourceTree = "<group>"; };
		0444685C27E0263C000444FD /* CashierSettingView.swift */ = {isa = PBXFileReference; lastKnownFileType = sourcecode.swift; path = CashierSettingView.swift; sourceTree = "<group>"; };
		0444685F27E02B2E000444FD /* MainRootController.swift */ = {isa = PBXFileReference; lastKnownFileType = sourcecode.swift; path = MainRootController.swift; sourceTree = "<group>"; };
		0444686127E02E4F000444FD /* iconButtonView.swift */ = {isa = PBXFileReference; lastKnownFileType = sourcecode.swift; path = iconButtonView.swift; sourceTree = "<group>"; };
		0449922727F7EC3500DB5410 /* ZWCheckSementModelJoe.swift */ = {isa = PBXFileReference; lastKnownFileType = sourcecode.swift; path = ZWCheckSementModelJoe.swift; sourceTree = "<group>"; };
		0449922927F7FC3200DB5410 /* ZWCheckOutTopView.swift */ = {isa = PBXFileReference; lastKnownFileType = sourcecode.swift; path = ZWCheckOutTopView.swift; sourceTree = "<group>"; };
		0449922B27F81EBA00DB5410 /* UIbutton+Extension.swift */ = {isa = PBXFileReference; lastKnownFileType = sourcecode.swift; path = "UIbutton+Extension.swift"; sourceTree = "<group>"; };
		0449922D27F82EB500DB5410 /* ZWChooseGoodsClassTanKuangView.swift */ = {isa = PBXFileReference; lastKnownFileType = sourcecode.swift; path = ZWChooseGoodsClassTanKuangView.swift; sourceTree = "<group>"; };
		0449922F27F842B600DB5410 /* ZWRootViewControllerJoe.swift */ = {isa = PBXFileReference; lastKnownFileType = sourcecode.swift; path = ZWRootViewControllerJoe.swift; sourceTree = "<group>"; };
		0449923127F84E7400DB5410 /* ZWCashierSettingItemCell.swift */ = {isa = PBXFileReference; lastKnownFileType = sourcecode.swift; path = ZWCashierSettingItemCell.swift; sourceTree = "<group>"; };
		046B4E0427F54AAC00710D02 /* ZWMemberManagemenVCJoe.swift */ = {isa = PBXFileReference; lastKnownFileType = sourcecode.swift; path = ZWMemberManagemenVCJoe.swift; sourceTree = "<group>"; };
		046B4E0727F54ACC00710D02 /* ZWStaffShiftVCJoe.swift */ = {isa = PBXFileReference; lastKnownFileType = sourcecode.swift; path = ZWStaffShiftVCJoe.swift; sourceTree = "<group>"; };
		046B4E0A27F54B8B00710D02 /* ZWCommodityStocksVCJoe.swift */ = {isa = PBXFileReference; lastKnownFileType = sourcecode.swift; path = ZWCommodityStocksVCJoe.swift; sourceTree = "<group>"; };
		046B4E1027F54BFE00710D02 /* ZWSwitchStoreVCJoe.swift */ = {isa = PBXFileReference; lastKnownFileType = sourcecode.swift; path = ZWSwitchStoreVCJoe.swift; sourceTree = "<group>"; };
		046B4E1327F54C4000710D02 /* ZWEnterBackgroundVCJoe.swift */ = {isa = PBXFileReference; lastKnownFileType = sourcecode.swift; path = ZWEnterBackgroundVCJoe.swift; sourceTree = "<group>"; };
		046B4E1527F560B600710D02 /* ZWOrderCellJoe.swift */ = {isa = PBXFileReference; lastKnownFileType = sourcecode.swift; path = ZWOrderCellJoe.swift; sourceTree = "<group>"; };
		046B5E7227F31C0B000BB30D /* OC_Swift-Bridging-Header.h */ = {isa = PBXFileReference; lastKnownFileType = sourcecode.c.h; path = "OC_Swift-Bridging-Header.h"; sourceTree = "<group>"; };
		046B5E7327F3FA4A000BB30D /* SelectStoreModelZJ.swift */ = {isa = PBXFileReference; lastKnownFileType = sourcecode.swift; path = SelectStoreModelZJ.swift; sourceTree = "<group>"; };
		0480B93A280506D600C5670B /* loading.json */ = {isa = PBXFileReference; fileEncoding = 4; lastKnownFileType = text.json; path = loading.json; sourceTree = "<group>"; };
		0480B93D280508B700C5670B /* ZWLoadingTanKuangView.swift */ = {isa = PBXFileReference; lastKnownFileType = sourcecode.swift; path = ZWLoadingTanKuangView.swift; sourceTree = "<group>"; };
		0480B93F280511FF00C5670B /* ZWLoadingHUD.swift */ = {isa = PBXFileReference; lastKnownFileType = sourcecode.swift; path = ZWLoadingHUD.swift; sourceTree = "<group>"; };
		0480B941280525AD00C5670B /* ZWOrderQueryRightCellJoe.swift */ = {isa = PBXFileReference; lastKnownFileType = sourcecode.swift; path = ZWOrderQueryRightCellJoe.swift; sourceTree = "<group>"; };
		0480B94328054FDE00C5670B /* ZWnewLabelAndTextField.swift */ = {isa = PBXFileReference; lastKnownFileType = sourcecode.swift; path = ZWnewLabelAndTextField.swift; sourceTree = "<group>"; };
		0480B945280559E700C5670B /* ZWOrderWeighView.swift */ = {isa = PBXFileReference; lastKnownFileType = sourcecode.swift; path = ZWOrderWeighView.swift; sourceTree = "<group>"; };
		0486847827D833D100D6A878 /* Cashier.app */ = {isa = PBXFileReference; explicitFileType = wrapper.application; includeInIndex = 0; path = Cashier.app; sourceTree = BUILT_PRODUCTS_DIR; };
		0486847B27D833D100D6A878 /* AppDelegate.swift */ = {isa = PBXFileReference; lastKnownFileType = sourcecode.swift; path = AppDelegate.swift; sourceTree = "<group>"; };
		0486847D27D833D100D6A878 /* DocumentBrowserViewController.swift */ = {isa = PBXFileReference; lastKnownFileType = sourcecode.swift; path = DocumentBrowserViewController.swift; sourceTree = "<group>"; };
		0486847F27D833D100D6A878 /* DocumentViewController.swift */ = {isa = PBXFileReference; lastKnownFileType = sourcecode.swift; path = DocumentViewController.swift; sourceTree = "<group>"; };
		0486848127D833D100D6A878 /* Document.swift */ = {isa = PBXFileReference; lastKnownFileType = sourcecode.swift; path = Document.swift; sourceTree = "<group>"; };
		0486848627D833D200D6A878 /* Assets.xcassets */ = {isa = PBXFileReference; lastKnownFileType = folder.assetcatalog; path = Assets.xcassets; sourceTree = "<group>"; };
		0486848B27D833D200D6A878 /* Info.plist */ = {isa = PBXFileReference; lastKnownFileType = text.plist.xml; path = Info.plist; sourceTree = "<group>"; };
		0486849027D833D200D6A878 /* CashierTests.xctest */ = {isa = PBXFileReference; explicitFileType = wrapper.cfbundle; includeInIndex = 0; path = CashierTests.xctest; sourceTree = BUILT_PRODUCTS_DIR; };
		0486849A27D833D200D6A878 /* CashierUITests.xctest */ = {isa = PBXFileReference; explicitFileType = wrapper.cfbundle; includeInIndex = 0; path = CashierUITests.xctest; sourceTree = BUILT_PRODUCTS_DIR; };
		048BD21927FD327A00FFC9FF /* APIModelJoe.swift */ = {isa = PBXFileReference; lastKnownFileType = sourcecode.swift; path = APIModelJoe.swift; sourceTree = "<group>"; };
		048BD21B27FD441D00FFC9FF /* ZWQuDanTanKuangView.swift */ = {isa = PBXFileReference; fileEncoding = 4; lastKnownFileType = sourcecode.swift; path = ZWQuDanTanKuangView.swift; sourceTree = "<group>"; };
		04A9DB0927F30C2E0036C603 /* ProgressHUD.swift */ = {isa = PBXFileReference; fileEncoding = 4; lastKnownFileType = sourcecode.swift; path = ProgressHUD.swift; sourceTree = "<group>"; };
		04ACE14428059B71001356D4 /* ZWOrderQuerySearchView.swift */ = {isa = PBXFileReference; lastKnownFileType = sourcecode.swift; path = ZWOrderQuerySearchView.swift; sourceTree = "<group>"; };
		04ACE14628066E5C001356D4 /* ZWOrderQueryLeftView.swift */ = {isa = PBXFileReference; lastKnownFileType = sourcecode.swift; path = ZWOrderQueryLeftView.swift; sourceTree = "<group>"; };
		04ACE1482806BAC7001356D4 /* ZWOrderShouKuanTanKuang.swift */ = {isa = PBXFileReference; lastKnownFileType = sourcecode.swift; path = ZWOrderShouKuanTanKuang.swift; sourceTree = "<group>"; };
		04ACE14D2807CC59001356D4 /* ZWSaoMaShouKuanCollectionCellJoe.swift */ = {isa = PBXFileReference; lastKnownFileType = sourcecode.swift; path = ZWSaoMaShouKuanCollectionCellJoe.swift; sourceTree = "<group>"; };
		04ACE14F2807F067001356D4 /* ZWCashCollectionViewJoe.swift */ = {isa = PBXFileReference; lastKnownFileType = sourcecode.swift; path = ZWCashCollectionViewJoe.swift; sourceTree = "<group>"; };
		04ACE1512807F0B1001356D4 /* ZWVipCollectionViewJoe.swift */ = {isa = PBXFileReference; lastKnownFileType = sourcecode.swift; path = ZWVipCollectionViewJoe.swift; sourceTree = "<group>"; };
		04ACE1532807F10F001356D4 /* ZWSignCollectionViewJoe.swift */ = {isa = PBXFileReference; lastKnownFileType = sourcecode.swift; path = ZWSignCollectionViewJoe.swift; sourceTree = "<group>"; };
		04CA379927F5B0C400E620E5 /* ZWCheckOutStoreViewJoe.swift */ = {isa = PBXFileReference; lastKnownFileType = sourcecode.swift; path = ZWCheckOutStoreViewJoe.swift; sourceTree = "<group>"; };
		04CA379B27F5BEE600E620E5 /* ZWCheckOutStoreCellJoe.swift */ = {isa = PBXFileReference; lastKnownFileType = sourcecode.swift; path = ZWCheckOutStoreCellJoe.swift; sourceTree = "<group>"; };
		04CA379F27F5C18400E620E5 /* UIView+Corners.swift */ = {isa = PBXFileReference; fileEncoding = 4; lastKnownFileType = sourcecode.swift; path = "UIView+Corners.swift"; sourceTree = "<group>"; };
		04CA37A127F5D0F400E620E5 /* UIView+MDExtension.swift */ = {isa = PBXFileReference; fileEncoding = 4; lastKnownFileType = sourcecode.swift; path = "UIView+MDExtension.swift"; sourceTree = "<group>"; };
		04CA37A327F69C8F00E620E5 /* ZWCheckSementViewJoe.swift */ = {isa = PBXFileReference; lastKnownFileType = sourcecode.swift; path = ZWCheckSementViewJoe.swift; sourceTree = "<group>"; };
		04CA37A527F6C76D00E620E5 /* ZWCheckSementCellJoe.swift */ = {isa = PBXFileReference; lastKnownFileType = sourcecode.swift; path = ZWCheckSementCellJoe.swift; sourceTree = "<group>"; };
		04CA37A727F6D8EE00E620E5 /* ZWCheckStoreBottomView.swift */ = {isa = PBXFileReference; lastKnownFileType = sourcecode.swift; path = ZWCheckStoreBottomView.swift; sourceTree = "<group>"; };
		04CA37AA27F6E9B600E620E5 /* Cache+User.swift */ = {isa = PBXFileReference; fileEncoding = 4; lastKnownFileType = sourcecode.swift; path = "Cache+User.swift"; sourceTree = "<group>"; };
		04CA37AB27F6E9B600E620E5 /* Cache.swift */ = {isa = PBXFileReference; fileEncoding = 4; lastKnownFileType = sourcecode.swift; path = Cache.swift; sourceTree = "<group>"; };
		04E3643527F402040007B91A /* RootModel.swift */ = {isa = PBXFileReference; lastKnownFileType = sourcecode.swift; path = RootModel.swift; sourceTree = "<group>"; };
		04E3643A27F438680007B91A /* ZWLeftItemViewJoe.swift */ = {isa = PBXFileReference; lastKnownFileType = sourcecode.swift; path = ZWLeftItemViewJoe.swift; sourceTree = "<group>"; };
		04E3643D27F43B6D0007B91A /* UIColor+Hue.swift */ = {isa = PBXFileReference; fileEncoding = 4; lastKnownFileType = sourcecode.swift; path = "UIColor+Hue.swift"; sourceTree = "<group>"; };
		04E3643E27F43B6D0007B91A /* UIImage+Hue.swift */ = {isa = PBXFileReference; fileEncoding = 4; lastKnownFileType = sourcecode.swift; path = "UIImage+Hue.swift"; sourceTree = "<group>"; };
		04E3644127F43CCC0007B91A /* ZWLeftItemCellJoe.swift */ = {isa = PBXFileReference; lastKnownFileType = sourcecode.swift; path = ZWLeftItemCellJoe.swift; sourceTree = "<group>"; };
		04E3644327F45A4D0007B91A /* ZWOrderViewJoe.swift */ = {isa = PBXFileReference; lastKnownFileType = sourcecode.swift; path = ZWOrderViewJoe.swift; sourceTree = "<group>"; };
		04E3644527F45D8A0007B91A /* ZWCashierViewControllerJoe.swift */ = {isa = PBXFileReference; lastKnownFileType = sourcecode.swift; path = ZWCashierViewControllerJoe.swift; sourceTree = "<group>"; };
		04E3644727F45DF20007B91A /* ZWOrderQueryViewControllerJoe.swift */ = {isa = PBXFileReference; lastKnownFileType = sourcecode.swift; path = ZWOrderQueryViewControllerJoe.swift; sourceTree = "<group>"; };
		04E3644F27F467860007B91A /* LTLivePlayLoopsListView.swift */ = {isa = PBXFileReference; fileEncoding = 4; lastKnownFileType = sourcecode.swift; path = LTLivePlayLoopsListView.swift; sourceTree = "<group>"; };
		04E3645227F467860007B91A /* LTPageView.swift */ = {isa = PBXFileReference; fileEncoding = 4; lastKnownFileType = sourcecode.swift; path = LTPageView.swift; sourceTree = "<group>"; };
		04E3645327F467860007B91A /* LTPageScrollView.swift */ = {isa = PBXFileReference; fileEncoding = 4; lastKnownFileType = sourcecode.swift; path = LTPageScrollView.swift; sourceTree = "<group>"; };
		04E3645527F467860007B91A /* LTLayout.swift */ = {isa = PBXFileReference; fileEncoding = 4; lastKnownFileType = sourcecode.swift; path = LTLayout.swift; sourceTree = "<group>"; };
		04E3645727F467860007B91A /* LTAdvancedManager.swift */ = {isa = PBXFileReference; fileEncoding = 4; lastKnownFileType = sourcecode.swift; path = LTAdvancedManager.swift; sourceTree = "<group>"; };
		04E3645927F467860007B91A /* LTCollectionFlowLayout.swift */ = {isa = PBXFileReference; fileEncoding = 4; lastKnownFileType = sourcecode.swift; path = LTCollectionFlowLayout.swift; sourceTree = "<group>"; };
		04E3645A27F467860007B91A /* LTDispatchQueue.swift */ = {isa = PBXFileReference; fileEncoding = 4; lastKnownFileType = sourcecode.swift; path = LTDispatchQueue.swift; sourceTree = "<group>"; };
		04E3645B27F467860007B91A /* LTTableViewProtocal.swift */ = {isa = PBXFileReference; fileEncoding = 4; lastKnownFileType = sourcecode.swift; path = LTTableViewProtocal.swift; sourceTree = "<group>"; };
		04E3645C27F467860007B91A /* LTVCExtension.swift */ = {isa = PBXFileReference; fileEncoding = 4; lastKnownFileType = sourcecode.swift; path = LTVCExtension.swift; sourceTree = "<group>"; };
		04E3645D27F467860007B91A /* UIView+LTExtension.swift */ = {isa = PBXFileReference; fileEncoding = 4; lastKnownFileType = sourcecode.swift; path = "UIView+LTExtension.swift"; sourceTree = "<group>"; };
		04E3645E27F467860007B91A /* LTScrollExtension.swift */ = {isa = PBXFileReference; fileEncoding = 4; lastKnownFileType = sourcecode.swift; path = LTScrollExtension.swift; sourceTree = "<group>"; };
		04E3645F27F467860007B91A /* LTTableView.swift */ = {isa = PBXFileReference; fileEncoding = 4; lastKnownFileType = sourcecode.swift; path = LTTableView.swift; sourceTree = "<group>"; };
		04E3646127F467860007B91A /* LTPageTitleItemType.swift */ = {isa = PBXFileReference; fileEncoding = 4; lastKnownFileType = sourcecode.swift; path = LTPageTitleItemType.swift; sourceTree = "<group>"; };
		04E3646227F467860007B91A /* LTPageTitleView.swift */ = {isa = PBXFileReference; fileEncoding = 4; lastKnownFileType = sourcecode.swift; path = LTPageTitleView.swift; sourceTree = "<group>"; };
		04E3646427F467860007B91A /* LTSimpleManager.swift */ = {isa = PBXFileReference; fileEncoding = 4; lastKnownFileType = sourcecode.swift; path = LTSimpleManager.swift; sourceTree = "<group>"; };
		04E3646627F467860007B91A /* LTFollowMoveView.swift */ = {isa = PBXFileReference; fileEncoding = 4; lastKnownFileType = sourcecode.swift; path = LTFollowMoveView.swift; sourceTree = "<group>"; };
		5416062036BD2689E7573FBD /* Pods-Cashier.debug.xcconfig */ = {isa = PBXFileReference; includeInIndex = 1; lastKnownFileType = text.xcconfig; name = "Pods-Cashier.debug.xcconfig"; path = "Target Support Files/Pods-Cashier/Pods-Cashier.debug.xcconfig"; sourceTree = "<group>"; };
		709C4F189E2E7995D54A4400 /* libPods-Cashier.a */ = {isa = PBXFileReference; explicitFileType = archive.ar; includeInIndex = 0; path = "libPods-Cashier.a"; sourceTree = BUILT_PRODUCTS_DIR; };
		9912E4D14BBD7B296AF08220 /* Pods-Cashier.release.xcconfig */ = {isa = PBXFileReference; includeInIndex = 1; lastKnownFileType = text.xcconfig; name = "Pods-Cashier.release.xcconfig"; path = "Target Support Files/Pods-Cashier/Pods-Cashier.release.xcconfig"; sourceTree = "<group>"; };
/* End PBXFileReference section */

/* Begin PBXFrameworksBuildPhase section */
		0486847527D833D100D6A878 /* Frameworks */ = {
			isa = PBXFrameworksBuildPhase;
			buildActionMask = 2147483647;
			files = (
				5A6A5FB0344A2B110E8C12FD /* libPods-Cashier.a in Frameworks */,
			);
			runOnlyForDeploymentPostprocessing = 0;
		};
		0486848D27D833D200D6A878 /* Frameworks */ = {
			isa = PBXFrameworksBuildPhase;
			buildActionMask = 2147483647;
			files = (
			);
			runOnlyForDeploymentPostprocessing = 0;
		};
		0486849727D833D200D6A878 /* Frameworks */ = {
			isa = PBXFrameworksBuildPhase;
			buildActionMask = 2147483647;
			files = (
			);
			runOnlyForDeploymentPostprocessing = 0;
		};
/* End PBXFrameworksBuildPhase section */

/* Begin PBXGroup section */
		0406E1DF27FE890A00E5A948 /* StoreManagement（门店管理） */ = {
			isa = PBXGroup;
			children = (
				0406E1E327FE896500E5A948 /* model */,
				0406E1E227FE895A00E5A948 /* view */,
				0406E1E027FE893D00E5A948 /* ZWStoreManagementVC.swift */,
			);
			path = "StoreManagement（门店管理）";
			sourceTree = "<group>";
		};
		0406E1E227FE895A00E5A948 /* view */ = {
			isa = PBXGroup;
			children = (
				0406E1DD27FE84FE00E5A948 /* ZWHeaderViewCell.swift */,
				0406E1E727FEAFD600E5A948 /* ZWContentCell.swift */,
				0406E1E527FE8F7200E5A948 /* ZWHeaderView.swift */,
			);
			path = view;
			sourceTree = "<group>";
		};
		0406E1E327FE896500E5A948 /* model */ = {
			isa = PBXGroup;
			children = (
			);
			path = model;
			sourceTree = "<group>";
		};
		0406E1E427FE8A2200E5A948 /* CommoditySettings(商品设置) */ = {
			isa = PBXGroup;
			children = (
				0406E1EB27FEDB2700E5A948 /* ZWCommoditySettingsVC.swift */,
				0406E1EE27FEDB3800E5A948 /* view */,
				0406E1ED27FEDB2B00E5A948 /* model */,
			);
			path = "CommoditySettings(商品设置)";
			sourceTree = "<group>";
		};
		0406E1ED27FEDB2B00E5A948 /* model */ = {
			isa = PBXGroup;
			children = (
			);
			path = model;
			sourceTree = "<group>";
		};
		0406E1EE27FEDB3800E5A948 /* view */ = {
			isa = PBXGroup;
			children = (
				0406E1EF27FEDDA900E5A948 /* ZWCommoditySettingsCell.swift */,
			);
			path = view;
			sourceTree = "<group>";
		};
		0406E1F127FEE7C700E5A948 /* smallTicketMachine(小票机管理) */ = {
			isa = PBXGroup;
			children = (
				0406E1F227FEE80B00E5A948 /* ZWSmallTicketMachineVC.swift */,
				0406E1F527FEE82100E5A948 /* view */,
				0406E1F427FEE81A00E5A948 /* model */,
			);
			path = "smallTicketMachine(小票机管理)";
			sourceTree = "<group>";
		};
		0406E1F427FEE81A00E5A948 /* model */ = {
			isa = PBXGroup;
			children = (
			);
			path = model;
			sourceTree = "<group>";
		};
		0406E1F527FEE82100E5A948 /* view */ = {
			isa = PBXGroup;
			children = (
			);
			path = view;
			sourceTree = "<group>";
		};
		0406E1F627FEEF2700E5A948 /* view */ = {
			isa = PBXGroup;
			children = (
				0406E1F827FEEF6500E5A948 /* ZWLeftTableviewView.swift */,
				0406E1FA27FEF17600E5A948 /* ZWLeftTableviewCell.swift */,
				0406E1FC27FEFB3900E5A948 /* ZWLeftTableClickTanKuangView.swift */,
				042926E027FFD83500A3D1F8 /* ZWTanKuangCell.swift */,
				042926E127FFD83500A3D1F8 /* ZWTanKuangCell.xib */,
			);
			path = view;
			sourceTree = "<group>";
		};
		0406E1F727FEEF2C00E5A948 /* model */ = {
			isa = PBXGroup;
			children = (
			);
			path = model;
			sourceTree = "<group>";
		};
		042926E42800027600A3D1F8 /* view */ = {
			isa = PBXGroup;
			children = (
				043E9AAD2807F432000B3BBF /* righView */,
				042926E6280002A400A3D1F8 /* ZWStaffShiftLeftView.swift */,
				042926E82800051400A3D1F8 /* ZWStaffShiftOneCell.swift */,
				042926EA2800163500A3D1F8 /* ZWStaffHeaderView.swift */,
				042926EC28001C8A00A3D1F8 /* ZWStaffShiftRightView.swift */,
			);
			path = view;
			sourceTree = "<group>";
		};
		042926E52800027B00A3D1F8 /* model */ = {
			isa = PBXGroup;
			children = (
			);
			path = model;
			sourceTree = "<group>";
		};
		042926EE2800388A00A3D1F8 /* view */ = {
			isa = PBXGroup;
			children = (
				042926F02800451200A3D1F8 /* ZWMemberManagemenLeftView.swift */,
				042926F228004B7600A3D1F8 /* ZWMemberManagemenLeftCell.swift */,
				043A59022803CFE900E1D607 /* ZWMemberManagemenRightView.swift */,
				043A590428040A1E00E1D607 /* ZWnewCreatBtnTanKuang.swift */,
				0480B94328054FDE00C5670B /* ZWnewLabelAndTextField.swift */,
			);
			path = view;
			sourceTree = "<group>";
		};
		042926EF2800388F00A3D1F8 /* model */ = {
			isa = PBXGroup;
			children = (
			);
			path = model;
			sourceTree = "<group>";
		};
		0431FCDD27D88E5400778DE6 /* Tools */ = {
			isa = PBXGroup;
			children = (
				0480B93C2805089000C5670B /* Loading(加载弹框) */,
				04E3643C27F43B6D0007B91A /* Hue */,
				04A9DB0827F30C2E0036C603 /* HUD */,
				0444682727DB1C7F000444FD /* Toast.swift */,
				0444682927DED565000444FD /* UserInfo.swift */,
			);
			path = Tools;
			sourceTree = "<group>";
		};
		043A59062804238E00E1D607 /* view */ = {
			isa = PBXGroup;
			children = (
				043A5908280423A700E1D607 /* ZWOrderQueryRightView.swift */,
				0480B941280525AD00C5670B /* ZWOrderQueryRightCellJoe.swift */,
				04ACE14428059B71001356D4 /* ZWOrderQuerySearchView.swift */,
				04ACE14628066E5C001356D4 /* ZWOrderQueryLeftView.swift */,
			);
			path = view;
			sourceTree = "<group>";
		};
		043A59072804239200E1D607 /* model */ = {
			isa = PBXGroup;
			children = (
			);
			path = model;
			sourceTree = "<group>";
		};
		043C5FCE27D8780B00F881CB /* Controller */ = {
			isa = PBXGroup;
			children = (
				043C5FD127D8784600F881CB /* LoginViewController.swift */,
			);
			path = Controller;
			sourceTree = "<group>";
		};
		043C5FCF27D8781600F881CB /* Model */ = {
			isa = PBXGroup;
			children = (
				043C5FD727D878D900F881CB /* LoginModel.swift */,
				04E3643527F402040007B91A /* RootModel.swift */,
			);
			path = Model;
			sourceTree = "<group>";
		};
		043C5FD027D8782100F881CB /* View */ = {
			isa = PBXGroup;
			children = (
				043C5FD527D878AC00F881CB /* LoginView.swift */,
			);
			path = View;
			sourceTree = "<group>";
		};
		043E9A952806DB42000B3BBF /* base */ = {
			isa = PBXGroup;
			children = (
				043E9A962806DB42000B3BBF /* view */,
			);
			path = base;
			sourceTree = "<group>";
		};
		043E9A962806DB42000B3BBF /* view */ = {
			isa = PBXGroup;
			children = (
				043E9A972806DB42000B3BBF /* baseTableViewCell.swift */,
				043E9A982806DB42000B3BBF /* basePopView.swift */,
			);
			path = view;
			sourceTree = "<group>";
		};
		043E9A9B2806DBBD000B3BBF /* controller */ = {
			isa = PBXGroup;
			children = (
				043E9A9C2806DBBD000B3BBF /* ZWDataReconciliationVCJoe.swift */,
			);
			path = controller;
			sourceTree = "<group>";
		};
		043E9A9D2806DBBD000B3BBF /* view */ = {
			isa = PBXGroup;
			children = (
				043E9A9E2806DBBD000B3BBF /* DRLeftView.swift */,
				043E9AA22806DBBD000B3BBF /* DRLeftTCell.swift */,
				043E9AA32806DBBD000B3BBF /* DRightView.swift */,
				043E9AA02806DBBD000B3BBF /* DRRightTCell.swift */,
				043E9A9F2806DBBD000B3BBF /* DRHeaderView.swift */,
				043E9AA42806DBBD000B3BBF /* DRRightheaderTCell.swift */,
				043E9AA12806DBBD000B3BBF /* testPopView.swift */,
			);
			path = view;
			sourceTree = "<group>";
		};
		043E9AAD2807F432000B3BBF /* righView */ = {
			isa = PBXGroup;
			children = (
				043E9AAE2807F48B000B3BBF /* ZWSuccessionTCellKB.swift */,
			);
			path = righView;
			sourceTree = "<group>";
		};
		0444685227E02469000444FD /* Controller */ = {
			isa = PBXGroup;
			children = (
				04E3644527F45D8A0007B91A /* ZWCashierViewControllerJoe.swift */,
			);
			path = Controller;
			sourceTree = "<group>";
		};
		0444685327E02479000444FD /* Model */ = {
			isa = PBXGroup;
			children = (
				0449922727F7EC3500DB5410 /* ZWCheckSementModelJoe.swift */,
			);
			path = Model;
			sourceTree = "<group>";
		};
		0444685427E02481000444FD /* View */ = {
			isa = PBXGroup;
			children = (
				04E3644327F45A4D0007B91A /* ZWOrderViewJoe.swift */,
				046B4E1527F560B600710D02 /* ZWOrderCellJoe.swift */,
				0480B945280559E700C5670B /* ZWOrderWeighView.swift */,
				048BD21B27FD441D00FFC9FF /* ZWQuDanTanKuangView.swift */,
				0406E1E927FED5A700E5A948 /* ZWTanKuangTableViewCell.swift */,
				04CA379927F5B0C400E620E5 /* ZWCheckOutStoreViewJoe.swift */,
				04CA379B27F5BEE600E620E5 /* ZWCheckOutStoreCellJoe.swift */,
				0449922927F7FC3200DB5410 /* ZWCheckOutTopView.swift */,
				04CA37A327F69C8F00E620E5 /* ZWCheckSementViewJoe.swift */,
				04CA37A527F6C76D00E620E5 /* ZWCheckSementCellJoe.swift */,
				04CA37A727F6D8EE00E620E5 /* ZWCheckStoreBottomView.swift */,
				0449922D27F82EB500DB5410 /* ZWChooseGoodsClassTanKuangView.swift */,
				04ACE14A2807C9BF001356D4 /* ShouKuanView(收款视图) */,
			);
			path = View;
			sourceTree = "<group>";
		};
		0444685527E02516000444FD /* Controller */ = {
			isa = PBXGroup;
			children = (
				0444685827E0257A000444FD /* CashierSettingViewController.swift */,
			);
			path = Controller;
			sourceTree = "<group>";
		};
		0444685627E02520000444FD /* Model */ = {
			isa = PBXGroup;
			children = (
				0444685A27E02624000444FD /* CashierSettingModel.swift */,
			);
			path = Model;
			sourceTree = "<group>";
		};
		0444685727E02526000444FD /* View */ = {
			isa = PBXGroup;
			children = (
				0444685C27E0263C000444FD /* CashierSettingView.swift */,
				0449923127F84E7400DB5410 /* ZWCashierSettingItemCell.swift */,
			);
			path = View;
			sourceTree = "<group>";
		};
		0444685E27E02AE9000444FD /* MainRootController */ = {
			isa = PBXGroup;
			children = (
				043E9A952806DB42000B3BBF /* base */,
				04E3644D27F467860007B91A /* Lib */,
				04E3643827F437670007B91A /* controller */,
				04E3643727F437620007B91A /* view */,
				04E3643927F437720007B91A /* model */,
				0444686127E02E4F000444FD /* iconButtonView.swift */,
			);
			path = MainRootController;
			sourceTree = "<group>";
		};
		046B4E0627F54AB500710D02 /* controller */ = {
			isa = PBXGroup;
			children = (
				046B4E0727F54ACC00710D02 /* ZWStaffShiftVCJoe.swift */,
			);
			path = controller;
			sourceTree = "<group>";
		};
		046B4E0927F54B7000710D02 /* controller */ = {
			isa = PBXGroup;
			children = (
				046B4E0A27F54B8B00710D02 /* ZWCommodityStocksVCJoe.swift */,
			);
			path = controller;
			sourceTree = "<group>";
		};
		046B4E0F27F54BEA00710D02 /* controller */ = {
			isa = PBXGroup;
			children = (
				046B4E1027F54BFE00710D02 /* ZWSwitchStoreVCJoe.swift */,
			);
			path = controller;
			sourceTree = "<group>";
		};
		046B4E1227F54C1C00710D02 /* controller */ = {
			isa = PBXGroup;
			children = (
				046B4E1327F54C4000710D02 /* ZWEnterBackgroundVCJoe.swift */,
			);
			path = controller;
			sourceTree = "<group>";
		};
		046B5E6E27F3109F000BB30D /* OCHeaderDoc */ = {
			isa = PBXGroup;
			children = (
				046B5E7227F31C0B000BB30D /* OC_Swift-Bridging-Header.h */,
			);
			path = OCHeaderDoc;
			sourceTree = "<group>";
		};
		047C5E9E27F2EB1F0066F47C /* ChooseStore(选择店铺) */ = {
			isa = PBXGroup;
			children = (
				047C5EA127F2EB3D0066F47C /* model */,
				047C5EA027F2EB320066F47C /* controller */,
				047C5E9F27F2EB2E0066F47C /* view */,
			);
			path = "ChooseStore(选择店铺)";
			sourceTree = "<group>";
		};
		047C5E9F27F2EB2E0066F47C /* view */ = {
			isa = PBXGroup;
			children = (
				0444683B27DEEACE000444FD /* SelectStoreView.swift */,
				0444683D27DF0C38000444FD /* SelectStoreCollectionViewCell.swift */,
			);
			path = view;
			sourceTree = "<group>";
		};
		047C5EA027F2EB320066F47C /* controller */ = {
			isa = PBXGroup;
			children = (
				0444683927DEEA7F000444FD /* SelectStoreViewController.swift */,
			);
			path = controller;
			sourceTree = "<group>";
		};
		047C5EA127F2EB3D0066F47C /* model */ = {
			isa = PBXGroup;
			children = (
				046B5E7327F3FA4A000BB30D /* SelectStoreModelZJ.swift */,
			);
			path = model;
			sourceTree = "<group>";
		};
		0480B939280506C600C5670B /* JsonSource */ = {
			isa = PBXGroup;
			children = (
				0480B93A280506D600C5670B /* loading.json */,
			);
			path = JsonSource;
			sourceTree = "<group>";
		};
		0480B93C2805089000C5670B /* Loading(加载弹框) */ = {
			isa = PBXGroup;
			children = (
				0480B93D280508B700C5670B /* ZWLoadingTanKuangView.swift */,
				0480B93F280511FF00C5670B /* ZWLoadingHUD.swift */,
			);
			path = "Loading(加载弹框)";
			sourceTree = "<group>";
		};
		0486846F27D833D100D6A878 = {
			isa = PBXGroup;
			children = (
				0486847A27D833D100D6A878 /* Cashier */,
				0486847927D833D100D6A878 /* Products */,
				AF229AFF53294C47F83774ED /* Pods */,
				C542005D58313BF446AE9AD8 /* Frameworks */,
			);
			sourceTree = "<group>";
		};
		0486847927D833D100D6A878 /* Products */ = {
			isa = PBXGroup;
			children = (
				0486847827D833D100D6A878 /* Cashier.app */,
				0486849027D833D200D6A878 /* CashierTests.xctest */,
				0486849A27D833D200D6A878 /* CashierUITests.xctest */,
			);
			name = Products;
			sourceTree = "<group>";
		};
		0486847A27D833D100D6A878 /* Cashier */ = {
			isa = PBXGroup;
			children = (
				0480B939280506C600C5670B /* JsonSource */,
				04CA37A927F6E9B600E620E5 /* Cache */,
				04CA379627F58FFC00E620E5 /* Extension */,
				046B5E6E27F3109F000BB30D /* OCHeaderDoc */,
				0431FCDD27D88E5400778DE6 /* Tools */,
				048684BA27D838DD00D6A878 /* Request */,
				048684AD27D8341800D6A878 /* Main(主类) */,
				0486847B27D833D100D6A878 /* AppDelegate.swift */,
				0486847D27D833D100D6A878 /* DocumentBrowserViewController.swift */,
				0486847F27D833D100D6A878 /* DocumentViewController.swift */,
				0486848127D833D100D6A878 /* Document.swift */,
				0486848627D833D200D6A878 /* Assets.xcassets */,
				0486848B27D833D200D6A878 /* Info.plist */,
			);
			path = Cashier;
			sourceTree = "<group>";
		};
		048684AD27D8341800D6A878 /* Main(主类) */ = {
			isa = PBXGroup;
			children = (
				0444685E27E02AE9000444FD /* MainRootController */,
				048684B727D836CE00D6A878 /* Login(登录) */,
				047C5E9E27F2EB1F0066F47C /* ChooseStore(选择店铺) */,
				048684B627D8366800D6A878 /* CheckoutCounter(收银台) */,
				048684B527D8364A00D6A878 /* OrderTracking(订单查询) */,
				048684B427D8362600D6A878 /* MemberManagement(会员管理) */,
				048684B327D835FE00D6A878 /* StaffShift(员工交班) */,
				048684B227D835C800D6A878 /* Commodity stocks(商品库存) */,
				048684B127D8359700D6A878 /* DataReconciliation(数据对账) */,
				048684B027D8355C00D6A878 /* SwitchStore(切换店铺) */,
				048684AF27D8347700D6A878 /* CashierSettings(收银设置) */,
				048684AE27D8342900D6A878 /* EnterBackground(进入后台) */,
			);
			path = "Main(主类)";
			sourceTree = "<group>";
		};
		048684AE27D8342900D6A878 /* EnterBackground(进入后台) */ = {
			isa = PBXGroup;
			children = (
				046B4E1227F54C1C00710D02 /* controller */,
			);
			path = "EnterBackground(进入后台)";
			sourceTree = "<group>";
		};
		048684AF27D8347700D6A878 /* CashierSettings(收银设置) */ = {
			isa = PBXGroup;
			children = (
				0406E1F127FEE7C700E5A948 /* smallTicketMachine(小票机管理) */,
				0406E1E427FE8A2200E5A948 /* CommoditySettings(商品设置) */,
				0406E1DF27FE890A00E5A948 /* StoreManagement（门店管理） */,
				0444685727E02526000444FD /* View */,
				0444685627E02520000444FD /* Model */,
				0444685527E02516000444FD /* Controller */,
			);
			path = "CashierSettings(收银设置)";
			sourceTree = "<group>";
		};
		048684B027D8355C00D6A878 /* SwitchStore(切换店铺) */ = {
			isa = PBXGroup;
			children = (
				046B4E0F27F54BEA00710D02 /* controller */,
			);
			path = "SwitchStore(切换店铺)";
			sourceTree = "<group>";
		};
		048684B127D8359700D6A878 /* DataReconciliation(数据对账) */ = {
			isa = PBXGroup;
			children = (
				043E9A9B2806DBBD000B3BBF /* controller */,
				043E9A9D2806DBBD000B3BBF /* view */,
			);
			path = "DataReconciliation(数据对账)";
			sourceTree = "<group>";
		};
		048684B227D835C800D6A878 /* Commodity stocks(商品库存) */ = {
			isa = PBXGroup;
			children = (
				0406E1F727FEEF2C00E5A948 /* model */,
				0406E1F627FEEF2700E5A948 /* view */,
				046B4E0927F54B7000710D02 /* controller */,
			);
			path = "Commodity stocks(商品库存)";
			sourceTree = "<group>";
		};
		048684B327D835FE00D6A878 /* StaffShift(员工交班) */ = {
			isa = PBXGroup;
			children = (
				042926E52800027B00A3D1F8 /* model */,
				042926E42800027600A3D1F8 /* view */,
				046B4E0627F54AB500710D02 /* controller */,
			);
			path = "StaffShift(员工交班)";
			sourceTree = "<group>";
		};
		048684B427D8362600D6A878 /* MemberManagement(会员管理) */ = {
			isa = PBXGroup;
			children = (
				042926EF2800388F00A3D1F8 /* model */,
				042926EE2800388A00A3D1F8 /* view */,
				046B4E0427F54AAC00710D02 /* ZWMemberManagemenVCJoe.swift */,
			);
			path = "MemberManagement(会员管理)";
			sourceTree = "<group>";
		};
		048684B527D8364A00D6A878 /* OrderTracking(订单查询) */ = {
			isa = PBXGroup;
			children = (
				043A59072804239200E1D607 /* model */,
				043A59062804238E00E1D607 /* view */,
				04E3644727F45DF20007B91A /* ZWOrderQueryViewControllerJoe.swift */,
			);
			path = "OrderTracking(订单查询)";
			sourceTree = "<group>";
		};
		048684B627D8366800D6A878 /* CheckoutCounter(收银台) */ = {
			isa = PBXGroup;
			children = (
				0444685427E02481000444FD /* View */,
				0444685327E02479000444FD /* Model */,
				0444685227E02469000444FD /* Controller */,
			);
			path = "CheckoutCounter(收银台)";
			sourceTree = "<group>";
		};
		048684B727D836CE00D6A878 /* Login(登录) */ = {
			isa = PBXGroup;
			children = (
				043C5FCE27D8780B00F881CB /* Controller */,
				043C5FD027D8782100F881CB /* View */,
				043C5FCF27D8781600F881CB /* Model */,
			);
			path = "Login(登录)";
			sourceTree = "<group>";
		};
		048684BA27D838DD00D6A878 /* Request */ = {
			isa = PBXGroup;
			children = (
				0444682527DAED0E000444FD /* header.swift */,
				0431FCD727D88BFB00778DE6 /* API.swift */,
				0431FCD827D88BFB00778DE6 /* ZHFNetWork.swift */,
				048BD21927FD327A00FFC9FF /* APIModelJoe.swift */,
			);
			path = Request;
			sourceTree = "<group>";
		};
		04A9DB0827F30C2E0036C603 /* HUD */ = {
			isa = PBXGroup;
			children = (
				04A9DB0927F30C2E0036C603 /* ProgressHUD.swift */,
			);
			path = HUD;
			sourceTree = "<group>";
		};
		04ACE14A2807C9BF001356D4 /* ShouKuanView(收款视图) */ = {
			isa = PBXGroup;
			children = (
				04ACE1482806BAC7001356D4 /* ZWOrderShouKuanTanKuang.swift */,
				04ACE14D2807CC59001356D4 /* ZWSaoMaShouKuanCollectionCellJoe.swift */,
				04ACE14F2807F067001356D4 /* ZWCashCollectionViewJoe.swift */,
				04ACE1512807F0B1001356D4 /* ZWVipCollectionViewJoe.swift */,
				04ACE1532807F10F001356D4 /* ZWSignCollectionViewJoe.swift */,
			);
			path = "ShouKuanView(收款视图)";
			sourceTree = "<group>";
		};
		04CA379627F58FFC00E620E5 /* Extension */ = {
			isa = PBXGroup;
			children = (
				04CA37A127F5D0F400E620E5 /* UIView+MDExtension.swift */,
				0431FCD927D88BFB00778DE6 /* NSString-Extension.swift */,
				04CA379F27F5C18400E620E5 /* UIView+Corners.swift */,
				0449922B27F81EBA00DB5410 /* UIbutton+Extension.swift */,
			);
			path = Extension;
			sourceTree = "<group>";
		};
		04CA37A927F6E9B600E620E5 /* Cache */ = {
			isa = PBXGroup;
			children = (
				04CA37AA27F6E9B600E620E5 /* Cache+User.swift */,
				04CA37AB27F6E9B600E620E5 /* Cache.swift */,
			);
			path = Cache;
			sourceTree = "<group>";
		};
		04E3643727F437620007B91A /* view */ = {
			isa = PBXGroup;
			children = (
				04E3643A27F438680007B91A /* ZWLeftItemViewJoe.swift */,
				04E3644127F43CCC0007B91A /* ZWLeftItemCellJoe.swift */,
			);
			path = view;
			sourceTree = "<group>";
		};
		04E3643827F437670007B91A /* controller */ = {
			isa = PBXGroup;
			children = (
				0444685F27E02B2E000444FD /* MainRootController.swift */,
				0449922F27F842B600DB5410 /* ZWRootViewControllerJoe.swift */,
			);
			path = controller;
			sourceTree = "<group>";
		};
		04E3643927F437720007B91A /* model */ = {
			isa = PBXGroup;
			children = (
			);
			path = model;
			sourceTree = "<group>";
		};
		04E3643C27F43B6D0007B91A /* Hue */ = {
			isa = PBXGroup;
			children = (
				04E3643D27F43B6D0007B91A /* UIColor+Hue.swift */,
				04E3643E27F43B6D0007B91A /* UIImage+Hue.swift */,
			);
			path = Hue;
			sourceTree = "<group>";
		};
		04E3644D27F467860007B91A /* Lib */ = {
			isa = PBXGroup;
			children = (
				04E3644E27F467860007B91A /* LTLoopsPlay */,
				04E3645027F467860007B91A /* Main */,
				04E3646527F467860007B91A /* LTFollowMove */,
			);
			path = Lib;
			sourceTree = "<group>";
		};
		04E3644E27F467860007B91A /* LTLoopsPlay */ = {
			isa = PBXGroup;
			children = (
				04E3644F27F467860007B91A /* LTLivePlayLoopsListView.swift */,
			);
			path = LTLoopsPlay;
			sourceTree = "<group>";
		};
		04E3645027F467860007B91A /* Main */ = {
			isa = PBXGroup;
			children = (
				04E3645127F467860007B91A /* LTPageView */,
				04E3645427F467860007B91A /* LTLayout */,
				04E3645627F467860007B91A /* LTAdvancedManager */,
				04E3645827F467860007B91A /* LTExtension */,
				04E3646027F467860007B91A /* LTTitleView */,
				04E3646327F467860007B91A /* LTSimpleManager */,
			);
			path = Main;
			sourceTree = "<group>";
		};
		04E3645127F467860007B91A /* LTPageView */ = {
			isa = PBXGroup;
			children = (
				04E3645227F467860007B91A /* LTPageView.swift */,
				04E3645327F467860007B91A /* LTPageScrollView.swift */,
			);
			path = LTPageView;
			sourceTree = "<group>";
		};
		04E3645427F467860007B91A /* LTLayout */ = {
			isa = PBXGroup;
			children = (
				04E3645527F467860007B91A /* LTLayout.swift */,
			);
			path = LTLayout;
			sourceTree = "<group>";
		};
		04E3645627F467860007B91A /* LTAdvancedManager */ = {
			isa = PBXGroup;
			children = (
				04E3645727F467860007B91A /* LTAdvancedManager.swift */,
			);
			path = LTAdvancedManager;
			sourceTree = "<group>";
		};
		04E3645827F467860007B91A /* LTExtension */ = {
			isa = PBXGroup;
			children = (
				04E3645927F467860007B91A /* LTCollectionFlowLayout.swift */,
				04E3645A27F467860007B91A /* LTDispatchQueue.swift */,
				04E3645B27F467860007B91A /* LTTableViewProtocal.swift */,
				04E3645C27F467860007B91A /* LTVCExtension.swift */,
				04E3645D27F467860007B91A /* UIView+LTExtension.swift */,
				04E3645E27F467860007B91A /* LTScrollExtension.swift */,
				04E3645F27F467860007B91A /* LTTableView.swift */,
			);
			path = LTExtension;
			sourceTree = "<group>";
		};
		04E3646027F467860007B91A /* LTTitleView */ = {
			isa = PBXGroup;
			children = (
				04E3646127F467860007B91A /* LTPageTitleItemType.swift */,
				04E3646227F467860007B91A /* LTPageTitleView.swift */,
			);
			path = LTTitleView;
			sourceTree = "<group>";
		};
		04E3646327F467860007B91A /* LTSimpleManager */ = {
			isa = PBXGroup;
			children = (
				04E3646427F467860007B91A /* LTSimpleManager.swift */,
			);
			path = LTSimpleManager;
			sourceTree = "<group>";
		};
		04E3646527F467860007B91A /* LTFollowMove */ = {
			isa = PBXGroup;
			children = (
				04E3646627F467860007B91A /* LTFollowMoveView.swift */,
			);
			path = LTFollowMove;
			sourceTree = "<group>";
		};
		AF229AFF53294C47F83774ED /* Pods */ = {
			isa = PBXGroup;
			children = (
				5416062036BD2689E7573FBD /* Pods-Cashier.debug.xcconfig */,
				9912E4D14BBD7B296AF08220 /* Pods-Cashier.release.xcconfig */,
			);
			path = Pods;
			sourceTree = "<group>";
		};
		C542005D58313BF446AE9AD8 /* Frameworks */ = {
			isa = PBXGroup;
			children = (
				709C4F189E2E7995D54A4400 /* libPods-Cashier.a */,
			);
			name = Frameworks;
			sourceTree = "<group>";
		};
/* End PBXGroup section */

/* Begin PBXNativeTarget section */
		0486847727D833D100D6A878 /* Cashier */ = {
			isa = PBXNativeTarget;
			buildConfigurationList = 048684A427D833D300D6A878 /* Build configuration list for PBXNativeTarget "Cashier" */;
			buildPhases = (
				4807A53F16BB75BFF48C29A5 /* [CP] Check Pods Manifest.lock */,
				0486847427D833D100D6A878 /* Sources */,
				0486847527D833D100D6A878 /* Frameworks */,
				0486847627D833D100D6A878 /* Resources */,
			);
			buildRules = (
			);
			dependencies = (
			);
			name = Cashier;
			productName = Cashier;
			productReference = 0486847827D833D100D6A878 /* Cashier.app */;
			productType = "com.apple.product-type.application";
		};
		0486848F27D833D200D6A878 /* CashierTests */ = {
			isa = PBXNativeTarget;
			buildConfigurationList = 048684A727D833D300D6A878 /* Build configuration list for PBXNativeTarget "CashierTests" */;
			buildPhases = (
				0486848C27D833D200D6A878 /* Sources */,
				0486848D27D833D200D6A878 /* Frameworks */,
				0486848E27D833D200D6A878 /* Resources */,
			);
			buildRules = (
			);
			dependencies = (
				0486849227D833D200D6A878 /* PBXTargetDependency */,
			);
			name = CashierTests;
			productName = CashierTests;
			productReference = 0486849027D833D200D6A878 /* CashierTests.xctest */;
			productType = "com.apple.product-type.bundle.unit-test";
		};
		0486849927D833D200D6A878 /* CashierUITests */ = {
			isa = PBXNativeTarget;
			buildConfigurationList = 048684AA27D833D300D6A878 /* Build configuration list for PBXNativeTarget "CashierUITests" */;
			buildPhases = (
				0486849627D833D200D6A878 /* Sources */,
				0486849727D833D200D6A878 /* Frameworks */,
				0486849827D833D200D6A878 /* Resources */,
			);
			buildRules = (
			);
			dependencies = (
				0486849C27D833D200D6A878 /* PBXTargetDependency */,
			);
			name = CashierUITests;
			productName = CashierUITests;
			productReference = 0486849A27D833D200D6A878 /* CashierUITests.xctest */;
			productType = "com.apple.product-type.bundle.ui-testing";
		};
/* End PBXNativeTarget section */

/* Begin PBXProject section */
		0486847027D833D100D6A878 /* Project object */ = {
			isa = PBXProject;
			attributes = {
				BuildIndependentTargetsInParallel = 1;
				CLASSPREFIX = ZW;
				LastSwiftUpdateCheck = 1320;
				LastUpgradeCheck = 1320;
				ORGANIZATIONNAME = "";
				TargetAttributes = {
					0486847727D833D100D6A878 = {
						CreatedOnToolsVersion = 13.2.1;
					};
					0486848F27D833D200D6A878 = {
						CreatedOnToolsVersion = 13.2.1;
						TestTargetID = 0486847727D833D100D6A878;
					};
					0486849927D833D200D6A878 = {
						CreatedOnToolsVersion = 13.2.1;
						TestTargetID = 0486847727D833D100D6A878;
					};
				};
			};
			buildConfigurationList = 0486847327D833D100D6A878 /* Build configuration list for PBXProject "Cashier" */;
			compatibilityVersion = "Xcode 13.0";
			developmentRegion = en;
			hasScannedForEncodings = 0;
			knownRegions = (
				en,
				Base,
			);
			mainGroup = 0486846F27D833D100D6A878;
			productRefGroup = 0486847927D833D100D6A878 /* Products */;
			projectDirPath = "";
			projectRoot = "";
			targets = (
				0486847727D833D100D6A878 /* Cashier */,
				0486848F27D833D200D6A878 /* CashierTests */,
				0486849927D833D200D6A878 /* CashierUITests */,
			);
		};
/* End PBXProject section */

/* Begin PBXResourcesBuildPhase section */
		0486847627D833D100D6A878 /* Resources */ = {
			isa = PBXResourcesBuildPhase;
			buildActionMask = 2147483647;
			files = (
				0486848727D833D200D6A878 /* Assets.xcassets in Resources */,
				0480B93B280506D600C5670B /* loading.json in Resources */,
				042926E327FFD83500A3D1F8 /* ZWTanKuangCell.xib in Resources */,
			);
			runOnlyForDeploymentPostprocessing = 0;
		};
		0486848E27D833D200D6A878 /* Resources */ = {
			isa = PBXResourcesBuildPhase;
			buildActionMask = 2147483647;
			files = (
			);
			runOnlyForDeploymentPostprocessing = 0;
		};
		0486849827D833D200D6A878 /* Resources */ = {
			isa = PBXResourcesBuildPhase;
			buildActionMask = 2147483647;
			files = (
			);
			runOnlyForDeploymentPostprocessing = 0;
		};
/* End PBXResourcesBuildPhase section */

/* Begin PBXShellScriptBuildPhase section */
		4807A53F16BB75BFF48C29A5 /* [CP] Check Pods Manifest.lock */ = {
			isa = PBXShellScriptBuildPhase;
			buildActionMask = 2147483647;
			files = (
			);
			inputFileListPaths = (
			);
			inputPaths = (
				"${PODS_PODFILE_DIR_PATH}/Podfile.lock",
				"${PODS_ROOT}/Manifest.lock",
			);
			name = "[CP] Check Pods Manifest.lock";
			outputFileListPaths = (
			);
			outputPaths = (
				"$(DERIVED_FILE_DIR)/Pods-Cashier-checkManifestLockResult.txt",
			);
			runOnlyForDeploymentPostprocessing = 0;
			shellPath = /bin/sh;
			shellScript = "diff \"${PODS_PODFILE_DIR_PATH}/Podfile.lock\" \"${PODS_ROOT}/Manifest.lock\" > /dev/null\nif [ $? != 0 ] ; then\n    # print error to STDERR\n    echo \"error: The sandbox is not in sync with the Podfile.lock. Run 'pod install' or update your CocoaPods installation.\" >&2\n    exit 1\nfi\n# This output is used by Xcode 'outputs' to avoid re-running this script phase.\necho \"SUCCESS\" > \"${SCRIPT_OUTPUT_FILE_0}\"\n";
			showEnvVarsInLog = 0;
		};
/* End PBXShellScriptBuildPhase section */

/* Begin PBXSourcesBuildPhase section */
		0486847427D833D100D6A878 /* Sources */ = {
			isa = PBXSourcesBuildPhase;
			buildActionMask = 2147483647;
			files = (
				0449922827F7EC3500DB5410 /* ZWCheckSementModelJoe.swift in Sources */,
				048BD21C27FD441D00FFC9FF /* ZWQuDanTanKuangView.swift in Sources */,
				04E3644027F43B6D0007B91A /* UIImage+Hue.swift in Sources */,
				0406E1F327FEE80B00E5A948 /* ZWSmallTicketMachineVC.swift in Sources */,
				046B4E0B27F54B8B00710D02 /* ZWCommodityStocksVCJoe.swift in Sources */,
				0406E1DE27FE84FE00E5A948 /* ZWHeaderViewCell.swift in Sources */,
				046B4E1127F54BFE00710D02 /* ZWSwitchStoreVCJoe.swift in Sources */,
				0449923227F84E7400DB5410 /* ZWCashierSettingItemCell.swift in Sources */,
				04E3644427F45A4D0007B91A /* ZWOrderViewJoe.swift in Sources */,
				0480B940280511FF00C5670B /* ZWLoadingHUD.swift in Sources */,
				04ACE1502807F067001356D4 /* ZWCashCollectionViewJoe.swift in Sources */,
				04E3646927F467860007B91A /* LTPageScrollView.swift in Sources */,
				04E3646B27F467860007B91A /* LTAdvancedManager.swift in Sources */,
				04E3646727F467860007B91A /* LTLivePlayLoopsListView.swift in Sources */,
				04CA379C27F5BEE600E620E5 /* ZWCheckOutStoreCellJoe.swift in Sources */,
				043C5FD227D8784600F881CB /* LoginViewController.swift in Sources */,
				04ACE14E2807CC59001356D4 /* ZWSaoMaShouKuanCollectionCellJoe.swift in Sources */,
				04E3646827F467860007B91A /* LTPageView.swift in Sources */,
				04E3646E27F467860007B91A /* LTTableViewProtocal.swift in Sources */,
				042926E227FFD83500A3D1F8 /* ZWTanKuangCell.swift in Sources */,
				0444683E27DF0C38000444FD /* SelectStoreCollectionViewCell.swift in Sources */,
				043C5FD827D878D900F881CB /* LoginModel.swift in Sources */,
				0444686027E02B2E000444FD /* MainRootController.swift in Sources */,
				043E9AA62806DBBD000B3BBF /* DRLeftView.swift in Sources */,
				04E3647227F467860007B91A /* LTTableView.swift in Sources */,
				043A59032803CFE900E1D607 /* ZWMemberManagemenRightView.swift in Sources */,
				046B5E7427F3FA4A000BB30D /* SelectStoreModelZJ.swift in Sources */,
				04E3646F27F467860007B91A /* LTVCExtension.swift in Sources */,
				043E9AA52806DBBD000B3BBF /* ZWDataReconciliationVCJoe.swift in Sources */,
				0406E1F027FEDDA900E5A948 /* ZWCommoditySettingsCell.swift in Sources */,
				0444685D27E0263C000444FD /* CashierSettingView.swift in Sources */,
				042926F328004B7600A3D1F8 /* ZWMemberManagemenLeftCell.swift in Sources */,
				04CA37A827F6D8EE00E620E5 /* ZWCheckStoreBottomView.swift in Sources */,
				0406E1FD27FEFB3900E5A948 /* ZWLeftTableClickTanKuangView.swift in Sources */,
				043E9A992806DB42000B3BBF /* baseTableViewCell.swift in Sources */,
				0486848227D833D100D6A878 /* Document.swift in Sources */,
				0486848027D833D100D6A878 /* DocumentViewController.swift in Sources */,
				043E9AA82806DBBD000B3BBF /* DRRightTCell.swift in Sources */,
				043E9AA92806DBBD000B3BBF /* testPopView.swift in Sources */,
				0444685927E0257A000444FD /* CashierSettingViewController.swift in Sources */,
				0449922C27F81EBA00DB5410 /* UIbutton+Extension.swift in Sources */,
				04CA379A27F5B0C400E620E5 /* ZWCheckOutStoreViewJoe.swift in Sources */,
				04E3646C27F467860007B91A /* LTCollectionFlowLayout.swift in Sources */,
				0444682627DAED0E000444FD /* header.swift in Sources */,
				04ACE1522807F0B1001356D4 /* ZWVipCollectionViewJoe.swift in Sources */,
				042926F12800451200A3D1F8 /* ZWMemberManagemenLeftView.swift in Sources */,
				04CA37A027F5C18400E620E5 /* UIView+Corners.swift in Sources */,
				04E3647427F467860007B91A /* LTPageTitleView.swift in Sources */,
				0449922E27F82EB500DB5410 /* ZWChooseGoodsClassTanKuangView.swift in Sources */,
				042926E92800051400A3D1F8 /* ZWStaffShiftOneCell.swift in Sources */,
				048BD21A27FD327A00FFC9FF /* APIModelJoe.swift in Sources */,
				042926ED28001C8A00A3D1F8 /* ZWStaffShiftRightView.swift in Sources */,
				04ACE1492806BAC7001356D4 /* ZWOrderShouKuanTanKuang.swift in Sources */,
				046B4E0827F54ACC00710D02 /* ZWStaffShiftVCJoe.swift in Sources */,
				04CA37AD27F6E9B600E620E5 /* Cache.swift in Sources */,
				0480B94428054FDE00C5670B /* ZWnewLabelAndTextField.swift in Sources */,
				04E3646D27F467860007B91A /* LTDispatchQueue.swift in Sources */,
				04E3644627F45D8A0007B91A /* ZWCashierViewControllerJoe.swift in Sources */,
				0406E1FB27FEF17600E5A948 /* ZWLeftTableviewCell.swift in Sources */,
				0486847E27D833D100D6A878 /* DocumentBrowserViewController.swift in Sources */,
				0444685B27E02624000444FD /* CashierSettingModel.swift in Sources */,
				04ACE14728066E5C001356D4 /* ZWOrderQueryLeftView.swift in Sources */,
				0406E1E127FE893D00E5A948 /* ZWStoreManagementVC.swift in Sources */,
				04E3647327F467860007B91A /* LTPageTitleItemType.swift in Sources */,
				04E3646A27F467860007B91A /* LTLayout.swift in Sources */,
				0406E1F927FEEF6500E5A948 /* ZWLeftTableviewView.swift in Sources */,
				0480B93E280508B700C5670B /* ZWLoadingTanKuangView.swift in Sources */,
				04E3647027F467860007B91A /* UIView+LTExtension.swift in Sources */,
				0480B946280559E700C5670B /* ZWOrderWeighView.swift in Sources */,
				0431FCDC27D88BFB00778DE6 /* NSString-Extension.swift in Sources */,
				04E3647127F467860007B91A /* LTScrollExtension.swift in Sources */,
				0444682827DB1C7F000444FD /* Toast.swift in Sources */,
				04E3643F27F43B6D0007B91A /* UIColor+Hue.swift in Sources */,
				0406E1E827FEAFD600E5A948 /* ZWContentCell.swift in Sources */,
				0406E1EC27FEDB2700E5A948 /* ZWCommoditySettingsVC.swift in Sources */,
				046B4E0527F54AAC00710D02 /* ZWMemberManagemenVCJoe.swift in Sources */,
				0444683C27DEEACE000444FD /* SelectStoreView.swift in Sources */,
				04E3643627F402040007B91A /* RootModel.swift in Sources */,
				0406E1EA27FED5A700E5A948 /* ZWTanKuangTableViewCell.swift in Sources */,
				043E9AAB2806DBBD000B3BBF /* DRightView.swift in Sources */,
				043E9AAF2807F48B000B3BBF /* ZWSuccessionTCellKB.swift in Sources */,
				043E9AAC2806DBBD000B3BBF /* DRRightheaderTCell.swift in Sources */,
				0444686227E02E4F000444FD /* iconButtonView.swift in Sources */,
				04CA37A227F5D0F400E620E5 /* UIView+MDExtension.swift in Sources */,
				046B4E1627F560B600710D02 /* ZWOrderCellJoe.swift in Sources */,
				0444683A27DEEA7F000444FD /* SelectStoreViewController.swift in Sources */,
				04CA37A427F69C8F00E620E5 /* ZWCheckSementViewJoe.swift in Sources */,
				04ACE1542807F10F001356D4 /* ZWSignCollectionViewJoe.swift in Sources */,
				04A9DB0A27F30C2E0036C603 /* ProgressHUD.swift in Sources */,
				0406E1E627FE8F7200E5A948 /* ZWHeaderView.swift in Sources */,
				0449922A27F7FC3200DB5410 /* ZWCheckOutTopView.swift in Sources */,
				043E9AAA2806DBBD000B3BBF /* DRLeftTCell.swift in Sources */,
				043E9A9A2806DB42000B3BBF /* basePopView.swift in Sources */,
				0480B942280525AD00C5670B /* ZWOrderQueryRightCellJoe.swift in Sources */,
				043C5FD627D878AC00F881CB /* LoginView.swift in Sources */,
				042926E7280002A400A3D1F8 /* ZWStaffShiftLeftView.swift in Sources */,
				0431FCDB27D88BFB00778DE6 /* ZHFNetWork.swift in Sources */,
				043E9AA72806DBBD000B3BBF /* DRHeaderView.swift in Sources */,
				04E3647627F467860007B91A /* LTFollowMoveView.swift in Sources */,
				04E3644227F43CCC0007B91A /* ZWLeftItemCellJoe.swift in Sources */,
				0449923027F842B600DB5410 /* ZWRootViewControllerJoe.swift in Sources */,
				04E3643B27F438680007B91A /* ZWLeftItemViewJoe.swift in Sources */,
				04E3647527F467860007B91A /* LTSimpleManager.swift in Sources */,
				043A5909280423A700E1D607 /* ZWOrderQueryRightView.swift in Sources */,
				0431FCDA27D88BFB00778DE6 /* API.swift in Sources */,
				04ACE14528059B71001356D4 /* ZWOrderQuerySearchView.swift in Sources */,
				0444682A27DED565000444FD /* UserInfo.swift in Sources */,
				046B4E1427F54C4000710D02 /* ZWEnterBackgroundVCJoe.swift in Sources */,
				04E3644827F45DF20007B91A /* ZWOrderQueryViewControllerJoe.swift in Sources */,
				04CA37A627F6C76D00E620E5 /* ZWCheckSementCellJoe.swift in Sources */,
				0486847C27D833D100D6A878 /* AppDelegate.swift in Sources */,
				04CA37AC27F6E9B600E620E5 /* Cache+User.swift in Sources */,
				043A590528040A1E00E1D607 /* ZWnewCreatBtnTanKuang.swift in Sources */,
				042926EB2800163500A3D1F8 /* ZWStaffHeaderView.swift in Sources */,
			);
			runOnlyForDeploymentPostprocessing = 0;
		};
		0486848C27D833D200D6A878 /* Sources */ = {
			isa = PBXSourcesBuildPhase;
			buildActionMask = 2147483647;
			files = (
			);
			runOnlyForDeploymentPostprocessing = 0;
		};
		0486849627D833D200D6A878 /* Sources */ = {
			isa = PBXSourcesBuildPhase;
			buildActionMask = 2147483647;
			files = (
			);
			runOnlyForDeploymentPostprocessing = 0;
		};
/* End PBXSourcesBuildPhase section */

/* Begin PBXTargetDependency section */
		0486849227D833D200D6A878 /* PBXTargetDependency */ = {
			isa = PBXTargetDependency;
			target = 0486847727D833D100D6A878 /* Cashier */;
			targetProxy = 0486849127D833D200D6A878 /* PBXContainerItemProxy */;
		};
		0486849C27D833D200D6A878 /* PBXTargetDependency */ = {
			isa = PBXTargetDependency;
			target = 0486847727D833D100D6A878 /* Cashier */;
			targetProxy = 0486849B27D833D200D6A878 /* PBXContainerItemProxy */;
		};
/* End PBXTargetDependency section */

/* Begin XCBuildConfiguration section */
		048684A227D833D300D6A878 /* Debug */ = {
			isa = XCBuildConfiguration;
			buildSettings = {
				ALWAYS_SEARCH_USER_PATHS = NO;
				CLANG_ANALYZER_NONNULL = YES;
				CLANG_ANALYZER_NUMBER_OBJECT_CONVERSION = YES_AGGRESSIVE;
				CLANG_CXX_LANGUAGE_STANDARD = "gnu++17";
				CLANG_CXX_LIBRARY = "libc++";
				CLANG_ENABLE_MODULES = YES;
				CLANG_ENABLE_OBJC_ARC = YES;
				CLANG_ENABLE_OBJC_WEAK = YES;
				CLANG_WARN_BLOCK_CAPTURE_AUTORELEASING = YES;
				CLANG_WARN_BOOL_CONVERSION = YES;
				CLANG_WARN_COMMA = YES;
				CLANG_WARN_CONSTANT_CONVERSION = YES;
				CLANG_WARN_DEPRECATED_OBJC_IMPLEMENTATIONS = YES;
				CLANG_WARN_DIRECT_OBJC_ISA_USAGE = YES_ERROR;
				CLANG_WARN_DOCUMENTATION_COMMENTS = YES;
				CLANG_WARN_EMPTY_BODY = YES;
				CLANG_WARN_ENUM_CONVERSION = YES;
				CLANG_WARN_INFINITE_RECURSION = YES;
				CLANG_WARN_INT_CONVERSION = YES;
				CLANG_WARN_NON_LITERAL_NULL_CONVERSION = YES;
				CLANG_WARN_OBJC_IMPLICIT_RETAIN_SELF = YES;
				CLANG_WARN_OBJC_LITERAL_CONVERSION = YES;
				CLANG_WARN_OBJC_ROOT_CLASS = YES_ERROR;
				CLANG_WARN_QUOTED_INCLUDE_IN_FRAMEWORK_HEADER = YES;
				CLANG_WARN_RANGE_LOOP_ANALYSIS = YES;
				CLANG_WARN_STRICT_PROTOTYPES = YES;
				CLANG_WARN_SUSPICIOUS_MOVE = YES;
				CLANG_WARN_UNGUARDED_AVAILABILITY = YES_AGGRESSIVE;
				CLANG_WARN_UNREACHABLE_CODE = YES;
				CLANG_WARN__DUPLICATE_METHOD_MATCH = YES;
				COPY_PHASE_STRIP = NO;
				DEBUG_INFORMATION_FORMAT = dwarf;
				ENABLE_STRICT_OBJC_MSGSEND = YES;
				ENABLE_TESTABILITY = YES;
				GCC_C_LANGUAGE_STANDARD = gnu11;
				GCC_DYNAMIC_NO_PIC = NO;
				GCC_NO_COMMON_BLOCKS = YES;
				GCC_OPTIMIZATION_LEVEL = 0;
				GCC_PREPROCESSOR_DEFINITIONS = (
					"DEBUG=1",
					"$(inherited)",
				);
				GCC_WARN_64_TO_32_BIT_CONVERSION = YES;
				GCC_WARN_ABOUT_RETURN_TYPE = YES_ERROR;
				GCC_WARN_UNDECLARED_SELECTOR = YES;
				GCC_WARN_UNINITIALIZED_AUTOS = YES_AGGRESSIVE;
				GCC_WARN_UNUSED_FUNCTION = YES;
				GCC_WARN_UNUSED_VARIABLE = YES;
				IPHONEOS_DEPLOYMENT_TARGET = 15.2;
				MTL_ENABLE_DEBUG_INFO = INCLUDE_SOURCE;
				MTL_FAST_MATH = YES;
				ONLY_ACTIVE_ARCH = YES;
				SDKROOT = iphoneos;
				SWIFT_ACTIVE_COMPILATION_CONDITIONS = DEBUG;
				SWIFT_OBJC_BRIDGING_HEADER = "$(SRCROOT)/Cashier/OCHeaderDoc/OC_Swift-Bridging-Header.h";
				SWIFT_OBJC_INTERFACE_HEADER_NAME = "$(SWIFT_MODULE_NAME)-Swift.h";
				SWIFT_OPTIMIZATION_LEVEL = "-Onone";
			};
			name = Debug;
		};
		048684A327D833D300D6A878 /* Release */ = {
			isa = XCBuildConfiguration;
			buildSettings = {
				ALWAYS_SEARCH_USER_PATHS = NO;
				CLANG_ANALYZER_NONNULL = YES;
				CLANG_ANALYZER_NUMBER_OBJECT_CONVERSION = YES_AGGRESSIVE;
				CLANG_CXX_LANGUAGE_STANDARD = "gnu++17";
				CLANG_CXX_LIBRARY = "libc++";
				CLANG_ENABLE_MODULES = YES;
				CLANG_ENABLE_OBJC_ARC = YES;
				CLANG_ENABLE_OBJC_WEAK = YES;
				CLANG_WARN_BLOCK_CAPTURE_AUTORELEASING = YES;
				CLANG_WARN_BOOL_CONVERSION = YES;
				CLANG_WARN_COMMA = YES;
				CLANG_WARN_CONSTANT_CONVERSION = YES;
				CLANG_WARN_DEPRECATED_OBJC_IMPLEMENTATIONS = YES;
				CLANG_WARN_DIRECT_OBJC_ISA_USAGE = YES_ERROR;
				CLANG_WARN_DOCUMENTATION_COMMENTS = YES;
				CLANG_WARN_EMPTY_BODY = YES;
				CLANG_WARN_ENUM_CONVERSION = YES;
				CLANG_WARN_INFINITE_RECURSION = YES;
				CLANG_WARN_INT_CONVERSION = YES;
				CLANG_WARN_NON_LITERAL_NULL_CONVERSION = YES;
				CLANG_WARN_OBJC_IMPLICIT_RETAIN_SELF = YES;
				CLANG_WARN_OBJC_LITERAL_CONVERSION = YES;
				CLANG_WARN_OBJC_ROOT_CLASS = YES_ERROR;
				CLANG_WARN_QUOTED_INCLUDE_IN_FRAMEWORK_HEADER = YES;
				CLANG_WARN_RANGE_LOOP_ANALYSIS = YES;
				CLANG_WARN_STRICT_PROTOTYPES = YES;
				CLANG_WARN_SUSPICIOUS_MOVE = YES;
				CLANG_WARN_UNGUARDED_AVAILABILITY = YES_AGGRESSIVE;
				CLANG_WARN_UNREACHABLE_CODE = YES;
				CLANG_WARN__DUPLICATE_METHOD_MATCH = YES;
				COPY_PHASE_STRIP = NO;
				DEBUG_INFORMATION_FORMAT = "dwarf-with-dsym";
				ENABLE_NS_ASSERTIONS = NO;
				ENABLE_STRICT_OBJC_MSGSEND = YES;
				GCC_C_LANGUAGE_STANDARD = gnu11;
				GCC_NO_COMMON_BLOCKS = YES;
				GCC_WARN_64_TO_32_BIT_CONVERSION = YES;
				GCC_WARN_ABOUT_RETURN_TYPE = YES_ERROR;
				GCC_WARN_UNDECLARED_SELECTOR = YES;
				GCC_WARN_UNINITIALIZED_AUTOS = YES_AGGRESSIVE;
				GCC_WARN_UNUSED_FUNCTION = YES;
				GCC_WARN_UNUSED_VARIABLE = YES;
				IPHONEOS_DEPLOYMENT_TARGET = 15.2;
				MTL_ENABLE_DEBUG_INFO = NO;
				MTL_FAST_MATH = YES;
				SDKROOT = iphoneos;
				SWIFT_COMPILATION_MODE = wholemodule;
				SWIFT_OBJC_BRIDGING_HEADER = "$(SRCROOT)/Cashier/OCHeaderDoc/OC_Swift-Bridging-Header.h";
				SWIFT_OBJC_INTERFACE_HEADER_NAME = "$(SWIFT_MODULE_NAME)-Swift.h";
				SWIFT_OPTIMIZATION_LEVEL = "-O";
				VALIDATE_PRODUCT = YES;
			};
			name = Release;
		};
		048684A527D833D300D6A878 /* Debug */ = {
			isa = XCBuildConfiguration;
			baseConfigurationReference = 5416062036BD2689E7573FBD /* Pods-Cashier.debug.xcconfig */;
			buildSettings = {
				ASSETCATALOG_COMPILER_APPICON_NAME = AppIcon;
				ASSETCATALOG_COMPILER_GLOBAL_ACCENT_COLOR_NAME = AccentColor;
				CODE_SIGN_IDENTITY = "Apple Development";
				CODE_SIGN_STYLE = Automatic;
				CURRENT_PROJECT_VERSION = 1;
				DEVELOPMENT_TEAM = 39B5633G4H;
				GENERATE_INFOPLIST_FILE = YES;
				INFOPLIST_FILE = Cashier/Info.plist;
				INFOPLIST_KEY_CFBundleDisplayName = Cashier;
				INFOPLIST_KEY_UIApplicationSupportsIndirectInputEvents = YES;
				INFOPLIST_KEY_UILaunchStoryboardName = LaunchScreen;
				INFOPLIST_KEY_UISupportedInterfaceOrientations = "UIInterfaceOrientationLandscapeLeft UIInterfaceOrientationLandscapeRight UIInterfaceOrientationPortraitUpsideDown";
				INFOPLIST_KEY_UISupportedInterfaceOrientations_iPad = "UIInterfaceOrientationLandscapeLeft UIInterfaceOrientationPortrait";
				INFOPLIST_KEY_UISupportedInterfaceOrientations_iPhone = "UIInterfaceOrientationPortrait UIInterfaceOrientationLandscapeLeft UIInterfaceOrientationLandscapeRight";
				INFOPLIST_KEY_UISupportsDocumentBrowser = YES;
				IPHONEOS_DEPLOYMENT_TARGET = 11.0;
				LD_RUNPATH_SEARCH_PATHS = (
					"$(inherited)",
					"@executable_path/Frameworks",
				);
				MARKETING_VERSION = 1.0.0;
				PRODUCT_BUNDLE_IDENTIFIER = com.new.Cashier;
				PRODUCT_NAME = "$(TARGET_NAME)";
				PROVISIONING_PROFILE_SPECIFIER = "";
				SWIFT_EMIT_LOC_STRINGS = YES;
				SWIFT_OBJC_BRIDGING_HEADER = "Cashier/OCHeaderDoc/OC_Swift-Bridging-Header.h";
				SWIFT_VERSION = 5.0;
				TARGETED_DEVICE_FAMILY = "1,2";
			};
			name = Debug;
		};
		048684A627D833D300D6A878 /* Release */ = {
			isa = XCBuildConfiguration;
			baseConfigurationReference = 9912E4D14BBD7B296AF08220 /* Pods-Cashier.release.xcconfig */;
			buildSettings = {
				ASSETCATALOG_COMPILER_APPICON_NAME = AppIcon;
				ASSETCATALOG_COMPILER_GLOBAL_ACCENT_COLOR_NAME = AccentColor;
				CODE_SIGN_IDENTITY = "Apple Development";
				CODE_SIGN_STYLE = Automatic;
				CURRENT_PROJECT_VERSION = 1;
				DEVELOPMENT_TEAM = 39B5633G4H;
				GENERATE_INFOPLIST_FILE = YES;
				INFOPLIST_FILE = Cashier/Info.plist;
				INFOPLIST_KEY_CFBundleDisplayName = Cashier;
				INFOPLIST_KEY_UIApplicationSupportsIndirectInputEvents = YES;
				INFOPLIST_KEY_UILaunchStoryboardName = LaunchScreen;
				INFOPLIST_KEY_UISupportedInterfaceOrientations = "UIInterfaceOrientationLandscapeLeft UIInterfaceOrientationLandscapeRight UIInterfaceOrientationPortraitUpsideDown";
				INFOPLIST_KEY_UISupportedInterfaceOrientations_iPad = "UIInterfaceOrientationLandscapeLeft UIInterfaceOrientationPortrait";
				INFOPLIST_KEY_UISupportedInterfaceOrientations_iPhone = "UIInterfaceOrientationPortrait UIInterfaceOrientationLandscapeLeft UIInterfaceOrientationLandscapeRight";
				INFOPLIST_KEY_UISupportsDocumentBrowser = YES;
				IPHONEOS_DEPLOYMENT_TARGET = 11.0;
				LD_RUNPATH_SEARCH_PATHS = (
					"$(inherited)",
					"@executable_path/Frameworks",
				);
				MARKETING_VERSION = 1.0.0;
				PRODUCT_BUNDLE_IDENTIFIER = com.new.Cashier;
				PRODUCT_NAME = "$(TARGET_NAME)";
				PROVISIONING_PROFILE_SPECIFIER = "";
				SWIFT_EMIT_LOC_STRINGS = YES;
				SWIFT_OBJC_BRIDGING_HEADER = "Cashier/OCHeaderDoc/OC_Swift-Bridging-Header.h";
				SWIFT_VERSION = 5.0;
				TARGETED_DEVICE_FAMILY = "1,2";
			};
			name = Release;
		};
		048684A827D833D300D6A878 /* Debug */ = {
			isa = XCBuildConfiguration;
			buildSettings = {
				ALWAYS_EMBED_SWIFT_STANDARD_LIBRARIES = YES;
				BUNDLE_LOADER = "$(TEST_HOST)";
				CODE_SIGN_STYLE = Automatic;
				CURRENT_PROJECT_VERSION = 1;
				DEVELOPMENT_TEAM = 39B5633G4H;
				GENERATE_INFOPLIST_FILE = YES;
				IPHONEOS_DEPLOYMENT_TARGET = 15.2;
				MARKETING_VERSION = 1.0;
				PRODUCT_BUNDLE_IDENTIFIER = "-.0.0.CashierTests";
				PRODUCT_NAME = "$(TARGET_NAME)";
				SWIFT_EMIT_LOC_STRINGS = NO;
				SWIFT_VERSION = 5.0;
				TARGETED_DEVICE_FAMILY = "1,2";
				TEST_HOST = "$(BUILT_PRODUCTS_DIR)/Cashier.app/Cashier";
			};
			name = Debug;
		};
		048684A927D833D300D6A878 /* Release */ = {
			isa = XCBuildConfiguration;
			buildSettings = {
				ALWAYS_EMBED_SWIFT_STANDARD_LIBRARIES = YES;
				BUNDLE_LOADER = "$(TEST_HOST)";
				CODE_SIGN_STYLE = Automatic;
				CURRENT_PROJECT_VERSION = 1;
				DEVELOPMENT_TEAM = 39B5633G4H;
				GENERATE_INFOPLIST_FILE = YES;
				IPHONEOS_DEPLOYMENT_TARGET = 15.2;
				MARKETING_VERSION = 1.0;
				PRODUCT_BUNDLE_IDENTIFIER = "-.0.0.CashierTests";
				PRODUCT_NAME = "$(TARGET_NAME)";
				SWIFT_EMIT_LOC_STRINGS = NO;
				SWIFT_VERSION = 5.0;
				TARGETED_DEVICE_FAMILY = "1,2";
				TEST_HOST = "$(BUILT_PRODUCTS_DIR)/Cashier.app/Cashier";
			};
			name = Release;
		};
		048684AB27D833D300D6A878 /* Debug */ = {
			isa = XCBuildConfiguration;
			buildSettings = {
				ALWAYS_EMBED_SWIFT_STANDARD_LIBRARIES = YES;
				CODE_SIGN_STYLE = Automatic;
				CURRENT_PROJECT_VERSION = 1;
				DEVELOPMENT_TEAM = 39B5633G4H;
				GENERATE_INFOPLIST_FILE = YES;
				MARKETING_VERSION = 1.0;
				PRODUCT_BUNDLE_IDENTIFIER = "-.0.0.CashierUITests";
				PRODUCT_NAME = "$(TARGET_NAME)";
				SWIFT_EMIT_LOC_STRINGS = NO;
				SWIFT_VERSION = 5.0;
				TARGETED_DEVICE_FAMILY = "1,2";
				TEST_TARGET_NAME = Cashier;
			};
			name = Debug;
		};
		048684AC27D833D300D6A878 /* Release */ = {
			isa = XCBuildConfiguration;
			buildSettings = {
				ALWAYS_EMBED_SWIFT_STANDARD_LIBRARIES = YES;
				CODE_SIGN_STYLE = Automatic;
				CURRENT_PROJECT_VERSION = 1;
				DEVELOPMENT_TEAM = 39B5633G4H;
				GENERATE_INFOPLIST_FILE = YES;
				MARKETING_VERSION = 1.0;
				PRODUCT_BUNDLE_IDENTIFIER = "-.0.0.CashierUITests";
				PRODUCT_NAME = "$(TARGET_NAME)";
				SWIFT_EMIT_LOC_STRINGS = NO;
				SWIFT_VERSION = 5.0;
				TARGETED_DEVICE_FAMILY = "1,2";
				TEST_TARGET_NAME = Cashier;
			};
			name = Release;
		};
/* End XCBuildConfiguration section */

/* Begin XCConfigurationList section */
		0486847327D833D100D6A878 /* Build configuration list for PBXProject "Cashier" */ = {
			isa = XCConfigurationList;
			buildConfigurations = (
				048684A227D833D300D6A878 /* Debug */,
				048684A327D833D300D6A878 /* Release */,
			);
			defaultConfigurationIsVisible = 0;
			defaultConfigurationName = Release;
		};
		048684A427D833D300D6A878 /* Build configuration list for PBXNativeTarget "Cashier" */ = {
			isa = XCConfigurationList;
			buildConfigurations = (
				048684A527D833D300D6A878 /* Debug */,
				048684A627D833D300D6A878 /* Release */,
			);
			defaultConfigurationIsVisible = 0;
			defaultConfigurationName = Release;
		};
		048684A727D833D300D6A878 /* Build configuration list for PBXNativeTarget "CashierTests" */ = {
			isa = XCConfigurationList;
			buildConfigurations = (
				048684A827D833D300D6A878 /* Debug */,
				048684A927D833D300D6A878 /* Release */,
			);
			defaultConfigurationIsVisible = 0;
			defaultConfigurationName = Release;
		};
		048684AA27D833D300D6A878 /* Build configuration list for PBXNativeTarget "CashierUITests" */ = {
			isa = XCConfigurationList;
			buildConfigurations = (
				048684AB27D833D300D6A878 /* Debug */,
				048684AC27D833D300D6A878 /* Release */,
			);
			defaultConfigurationIsVisible = 0;
			defaultConfigurationName = Release;
		};
/* End XCConfigurationList section */
	};
	rootObject = 0486847027D833D100D6A878 /* Project object */;
}
