PODS:
  - Alamofire (5.5.0)
  - FSCalendar (2.8.4)
  - GRDB.swift (5.11.0):
    - GRDB.swift/standard (= 5.11.0)
  - GRDB.swift/standard (5.11.0)
  - HandyJSON (5.0.2)
  - IQKeyboardManagerSwift (6.5.9)
  - JKCategories (1.9.3):
    - JKCategories/CoreData (= 1.9.3)
    - JKCategories/CoreLocation (= 1.9.3)
    - JKCategories/Foundation (= 1.9.3)
    - JKCategories/MapKit (= 1.9.3)
    - JKCategories/QuartzCore (= 1.9.3)
    - JKCategories/UIKit (= 1.9.3)
  - JKCategories/CoreData (1.9.3):
    - JKCategories/CoreData/NSFetchRequest (= 1.9.3)
    - JKCategories/CoreData/NSManagedObject (= 1.9.3)
    - JKCategories/CoreData/NSManagedObjectContext (= 1.9.3)
  - JKCategories/CoreData/NSFetchRequest (1.9.3)
  - JKCategories/CoreData/NSManagedObject (1.9.3):
    - JKCategories/CoreData/NSManagedObjectContext
  - JKCategories/CoreData/NSManagedObjectContext (1.9.3):
    - JKCategories/CoreData/NSFetchRequest
  - JKCategories/CoreLocation (1.9.3):
    - JKCategories/CoreLocation/CLLocation (= 1.9.3)
  - JKCategories/CoreLocation/CLLocation (1.9.3)
  - JKCategories/Foundation (1.9.3):
    - JKCategories/Foundation/NSArray (= 1.9.3)
    - JKCategories/Foundation/NSBundle (= 1.9.3)
    - JKCategories/Foundation/NSData (= 1.9.3)
    - JKCategories/Foundation/NSDate (= 1.9.3)
    - JKCategories/Foundation/NSDateFormatter (= 1.9.3)
    - JKCategories/Foundation/NSDictionary (= 1.9.3)
    - JKCategories/Foundation/NSException (= 1.9.3)
    - JKCategories/Foundation/NSFileHandle (= 1.9.3)
    - JKCategories/Foundation/NSFileManager (= 1.9.3)
    - JKCategories/Foundation/NSHTTPCookieStorage (= 1.9.3)
    - JKCategories/Foundation/NSIndexPath (= 1.9.3)
    - JKCategories/Foundation/NSInvocation (= 1.9.3)
    - JKCategories/Foundation/NSNotificationCenter (= 1.9.3)
    - JKCategories/Foundation/NSNumber (= 1.9.3)
    - JKCategories/Foundation/NSObject (= 1.9.3)
    - JKCategories/Foundation/NSRunLoop (= 1.9.3)
    - JKCategories/Foundation/NSSet (= 1.9.3)
    - JKCategories/Foundation/NSString (= 1.9.3)
    - JKCategories/Foundation/NSTimer (= 1.9.3)
    - JKCategories/Foundation/NSURL (= 1.9.3)
    - JKCategories/Foundation/NSURLConnection (= 1.9.3)
    - JKCategories/Foundation/NSURLRequest (= 1.9.3)
    - JKCategories/Foundation/NSURLSession (= 1.9.3)
    - JKCategories/Foundation/NSUserDefaults (= 1.9.3)
  - JKCategories/Foundation/NSArray (1.9.3)
  - JKCategories/Foundation/NSBundle (1.9.3)
  - JKCategories/Foundation/NSData (1.9.3)
  - JKCategories/Foundation/NSDate (1.9.3)
  - JKCategories/Foundation/NSDateFormatter (1.9.3)
  - JKCategories/Foundation/NSDictionary (1.9.3)
  - JKCategories/Foundation/NSException (1.9.3)
  - JKCategories/Foundation/NSFileHandle (1.9.3)
  - JKCategories/Foundation/NSFileManager (1.9.3)
  - JKCategories/Foundation/NSHTTPCookieStorage (1.9.3)
  - JKCategories/Foundation/NSIndexPath (1.9.3)
  - JKCategories/Foundation/NSInvocation (1.9.3)
  - JKCategories/Foundation/NSNotificationCenter (1.9.3)
  - JKCategories/Foundation/NSNumber (1.9.3)
  - JKCategories/Foundation/NSObject (1.9.3)
  - JKCategories/Foundation/NSRunLoop (1.9.3)
  - JKCategories/Foundation/NSSet (1.9.3)
  - JKCategories/Foundation/NSString (1.9.3):
    - JKCategories/Foundation/NSData
  - JKCategories/Foundation/NSTimer (1.9.3)
  - JKCategories/Foundation/NSURL (1.9.3)
  - JKCategories/Foundation/NSURLConnection (1.9.3)
  - JKCategories/Foundation/NSURLRequest (1.9.3)
  - JKCategories/Foundation/NSURLSession (1.9.3)
  - JKCategories/Foundation/NSUserDefaults (1.9.3)
  - JKCategories/MapKit (1.9.3):
    - JKCategories/MapKit/MKMapView (= 1.9.3)
  - JKCategories/MapKit/MKMapView (1.9.3)
  - JKCategories/QuartzCore (1.9.3):
    - JKCategories/QuartzCore/CAAnimation (= 1.9.3)
    - JKCategories/QuartzCore/CALayer (= 1.9.3)
    - JKCategories/QuartzCore/CAMediaTimingFunction (= 1.9.3)
    - JKCategories/QuartzCore/CAShapeLayer (= 1.9.3)
    - JKCategories/QuartzCore/CATransaction (= 1.9.3)
  - JKCategories/QuartzCore/CAAnimation (1.9.3)
  - JKCategories/QuartzCore/CALayer (1.9.3)
  - JKCategories/QuartzCore/CAMediaTimingFunction (1.9.3)
  - JKCategories/QuartzCore/CAShapeLayer (1.9.3)
  - JKCategories/QuartzCore/CATransaction (1.9.3)
  - JKCategories/UIKit (1.9.3):
    - JKCategories/UIKit/UIApplication (= 1.9.3)
    - JKCategories/UIKit/UIBarButtonItem (= 1.9.3)
    - JKCategories/UIKit/UIBezierPath (= 1.9.3)
    - JKCategories/UIKit/UIButton (= 1.9.3)
    - JKCategories/UIKit/UIColor (= 1.9.3)
    - JKCategories/UIKit/UIControl (= 1.9.3)
    - JKCategories/UIKit/UIDevice (= 1.9.3)
    - JKCategories/UIKit/UIFont (= 1.9.3)
    - JKCategories/UIKit/UIImage (= 1.9.3)
    - JKCategories/UIKit/UIImageView (= 1.9.3)
    - JKCategories/UIKit/UILable (= 1.9.3)
    - JKCategories/UIKit/UINavigationBar (= 1.9.3)
    - JKCategories/UIKit/UINavigationController (= 1.9.3)
    - JKCategories/UIKit/UINavigationItem (= 1.9.3)
    - JKCategories/UIKit/UIPopoverController (= 1.9.3)
    - JKCategories/UIKit/UIResponder (= 1.9.3)
    - JKCategories/UIKit/UIScreen (= 1.9.3)
    - JKCategories/UIKit/UIScrollView (= 1.9.3)
    - JKCategories/UIKit/UISearchBar (= 1.9.3)
    - JKCategories/UIKit/UISplitViewController (= 1.9.3)
    - JKCategories/UIKit/UITableView (= 1.9.3)
    - JKCategories/UIKit/UITableViewCell (= 1.9.3)
    - JKCategories/UIKit/UITextField (= 1.9.3)
    - JKCategories/UIKit/UITextView (= 1.9.3)
    - JKCategories/UIKit/UIView (= 1.9.3)
    - JKCategories/UIKit/UIViewController (= 1.9.3)
    - JKCategories/UIKit/UIWindow (= 1.9.3)
  - JKCategories/UIKit/UIApplication (1.9.3)
  - JKCategories/UIKit/UIBarButtonItem (1.9.3)
  - JKCategories/UIKit/UIBezierPath (1.9.3)
  - JKCategories/UIKit/UIButton (1.9.3)
  - JKCategories/UIKit/UIColor (1.9.3)
  - JKCategories/UIKit/UIControl (1.9.3)
  - JKCategories/UIKit/UIDevice (1.9.3)
  - JKCategories/UIKit/UIFont (1.9.3)
  - JKCategories/UIKit/UIImage (1.9.3)
  - JKCategories/UIKit/UIImageView (1.9.3)
  - JKCategories/UIKit/UILable (1.9.3)
  - JKCategories/UIKit/UINavigationBar (1.9.3)
  - JKCategories/UIKit/UINavigationController (1.9.3)
  - JKCategories/UIKit/UINavigationItem (1.9.3)
  - JKCategories/UIKit/UIPopoverController (1.9.3)
  - JKCategories/UIKit/UIResponder (1.9.3)
  - JKCategories/UIKit/UIScreen (1.9.3)
  - JKCategories/UIKit/UIScrollView (1.9.3)
  - JKCategories/UIKit/UISearchBar (1.9.3)
  - JKCategories/UIKit/UISplitViewController (1.9.3)
  - JKCategories/UIKit/UITableView (1.9.3)
  - JKCategories/UIKit/UITableViewCell (1.9.3)
  - JKCategories/UIKit/UITextField (1.9.3)
  - JKCategories/UIKit/UITextView (1.9.3)
  - JKCategories/UIKit/UIView (1.9.3)
  - JKCategories/UIKit/UIViewController (1.9.3)
  - JKCategories/UIKit/UIWindow (1.9.3)
  - JXSegmentedView (1.3.0)
  - Kingfisher (6.3.1)
  - lottie-ios (3.2.3)
  - MBProgressHUD (1.2.0)
  - Moya (14.0.0):
    - Moya/Core (= 14.0.0)
  - Moya/Core (14.0.0):
    - Alamofire (~> 5.0)
  - ObjectMapper (4.2.0)
  - PINCache (3.0.3):
    - PINCache/Arc-exception-safe (= 3.0.3)
    - PINCache/Core (= 3.0.3)
  - PINCache/Arc-exception-safe (3.0.3):
    - PINCache/Core
  - PINCache/Core (3.0.3):
    - PINOperation (~> 1.2.1)
  - PINOperation (1.2.1)
  - Reusable (4.1.2):
    - Reusable/Storyboard (= 4.1.2)
    - Reusable/View (= 4.1.2)
  - Reusable/Storyboard (4.1.2)
  - Reusable/View (4.1.2)
  - SkeletonView (1.29.2)
  - SnapKit (5.0.1)
  - ZHCodable (1.0.0)

DEPENDENCIES:
  - FSCalendar
  - GRDB.swift
  - HandyJSON
  - IQKeyboardManagerSwift (~> 6.5.9)
  - JKCategories (~> 1.9.3)
  - JXSegmentedView
  - Kingfisher
  - lottie-ios
  - MBProgressHUD
  - Moya (~> 14.0.0)
  - ObjectMapper
  - PINCache
  - Reusable
  - SkeletonView
  - SnapKit (~> 5.0.1)
  - ZHCodable (from `https://github.com/haoburongyi/ZHCodable.git`)

SPEC REPOS:
  trunk:
    - Alamofire
    - FSCalendar
    - GRDB.swift
    - HandyJSON
    - IQKeyboardManagerSwift
    - JKCategories
    - JXSegmentedView
    - Kingfisher
    - lottie-ios
    - MBProgressHUD
    - Moya
    - ObjectMapper
    - PINCache
    - PINOperation
    - Reusable
    - SkeletonView
    - SnapKit

EXTERNAL SOURCES:
  ZHCodable:
    :git: https://github.com/haoburongyi/ZHCodable.git

CHECKOUT OPTIONS:
  ZHCodable:
    :commit: 392304b680cc83cfc4a1c3e572d4b9cb2c91c7c6
    :git: https://github.com/haoburongyi/ZHCodable.git

SPEC CHECKSUMS:
  Alamofire: 1c4fb5369c3fe93d2857c780d8bbe09f06f97e7c
  FSCalendar: 2d1d0d9398f12d439f55c1fe0f01525b151b8260
  GRDB.swift: 9a33d9680cd3c870c82f48a6cbc73d3cfbb235eb
  HandyJSON: 9e4e236f5d2dbefad5155a77417bbea438201c03
  IQKeyboardManagerSwift: 6e839c575c4aa1078d58a596e41244e77abe918f
  JKCategories: c995567f04ff98680313f56544e6cb62d3152733
  JXSegmentedView: fec0d335355b6e019c494fe2e030bde8a36d2df6
  Kingfisher: 016c8b653a35add51dd34a3aba36b580041acc74
  lottie-ios: c058aeafa76daa4cf64d773554bccc8385d0150e
  MBProgressHUD: 3ee5efcc380f6a79a7cc9b363dd669c5e1ae7406
  Moya: 5b45dacb75adb009f97fde91c204c1e565d31916
  ObjectMapper: 1eb41f610210777375fa806bf161dc39fb832b81
  PINCache: 7a8fc1a691173d21dbddbf86cd515de6efa55086
  PINOperation: 00c935935f1e8cf0d1e2d6b542e75b88fc3e5e20
  Reusable: 6bae6a5e8aa793c9c441db0213c863a64bce9136
  SkeletonView: 915a80ecc2b6421ab7ac0f0212321c0cc1406472
  SnapKit: 97b92857e3df3a0c71833cce143274bf6ef8e5eb
  ZHCodable: 7f23673018ddcdf7da5641abc001caa7afe2eece

PODFILE CHECKSUM: ccdf4b086a4f600f65b635b07691482f4ac3f7ae

COCOAPODS: 1.11.2
